{
  "pins" : [
    {
      "identity" : "alamofire",
      "kind" : "remoteSourceControl",
      "location" : "https://github.com/Alamofire/Alamofire.git",
      "state" : {
        "revision" : "bc268c28fb170f494de9e9927c371b8342979ece",
        "version" : "5.7.1"
      }
    },
    {
      "identity" : "reactiveswift",
      "kind" : "remoteSourceControl",
      "location" : "https://github.com/ReactiveCocoa/ReactiveSwift.git",
      "state" : {
        "revision" : "40c465af19b993344e84355c00669ba2022ca3cd",
        "version" : "7.1.1"
      }
    },
    {
      "identity" : "rxswift",
      "kind" : "remoteSourceControl",
      "location" : "https://github.com/ReactiveX/RxSwift.git",
      "state" : {
        "revision" : "9dcaa4b333db437b0fbfaf453fad29069044a8b4",
        "version" : "6.6.0"
      }
    },
    {
      "identity" : "socket.io-client-swift",
      "kind" : "remoteSourceControl",
      "location" : "https://github.com/socketio/socket.io-client-swift",
      "state" : {
        "revision" : "af5ce97b755d964235348d96f6db5cbdcbe334a5",
        "version" : "16.0.1"
      }
    },
    {
      "identity" : "starscream",
      "kind" : "remoteSourceControl",
      "location" : "https://github.com/daltoniam/Starscream.git",
      "state" : {
        "revision" : "df8d82047f6654d8e4b655d1b1525c64e1059d21",
        "version" : "4.0.4"
      }
    },
    {
      "identity" : "swift-extension",
      "kind" : "remoteSourceControl",
      "location" : "https://github.com/FullStack-Swift/swift-extension.git",
      "state" : {
        "branch" : "main",
        "revision" : "6f97ddaa7c7e84be9ee86f1be8e8c1271118413c"
      }
    },
    {
      "identity" : "swift-json",
      "kind" : "remoteSourceControl",
      "location" : "https://github.com/FullStack-Swift/swift-json",
      "state" : {
        "branch" : "main",
        "revision" : "ac54806fd7e10587755ac5cfd802ae15ef6907d4"
      }
    },
    {
      "identity" : "swift-networking",
      "kind" : "remoteSourceControl",
      "location" : "https://github.com/FullStack-Swift/swift-networking",
      "state" : {
        "branch" : "main",
        "revision" : "dc72e344d8af18a192a4a2a8af36b8373eb06682"
      }
    }
  ],
  "version" : 2
}
