// !$*UTF8*$!
{
	archiveVersion = 1;
	classes = {
	};
	objectVersion = 56;
	objects = {

/* Begin PBXBuildFile section */
		8770082E2A0C8FF8003326AA /* AsyncPhaseView.swift in Sources */ = {isa = PBXBuildFile; fileRef = 8770082D2A0C8FF8003326AA /* AsyncPhaseView.swift */; };
		877008312A0C9B10003326AA /* BaseService.swift in Sources */ = {isa = PBXBuildFile; fileRef = 877008302A0C9B10003326AA /* BaseService.swift */; };
		877008332A0C9BD5003326AA /* TodoService.swift in Sources */ = {isa = PBXBuildFile; fileRef = 877008322A0C9BD5003326AA /* TodoService.swift */; };
		877008392A0CC590003326AA /* TimerView.swift in Sources */ = {isa = PBXBuildFile; fileRef = 877008382A0CC590003326AA /* TimerView.swift */; };
		877B5F4B2A205EE600B1A87D /* ExampleView.swift in Sources */ = {isa = PBXBuildFile; fileRef = 877B5F4A2A205EE600B1A87D /* ExampleView.swift */; };
		87B392732A0B59010095F6A4 /* TodoListApp.swift in Sources */ = {isa = PBXBuildFile; fileRef = 87B392722A0B59010095F6A4 /* TodoListApp.swift */; };
		87B392772A0B59020095F6A4 /* Assets.xcassets in Resources */ = {isa = PBXBuildFile; fileRef = 87B392762A0B59020095F6A4 /* Assets.xcassets */; };
		87B3927B2A0B59020095F6A4 /* Preview Assets.xcassets in Resources */ = {isa = PBXBuildFile; fileRef = 87B3927A2A0B59020095F6A4 /* Preview Assets.xcassets */; };
		87B392832A0B593E0095F6A4 /* ComposableArchitecture in Frameworks */ = {isa = PBXBuildFile; productRef = 87B392822A0B593E0095F6A4 /* ComposableArchitecture */; };
		87B392932A0B5B090095F6A4 /* TodoModel.swift in Sources */ = {isa = PBXBuildFile; fileRef = 87B392922A0B5B090095F6A4 /* TodoModel.swift */; };
		87B392962A0B5B630095F6A4 /* RootView.swift in Sources */ = {isa = PBXBuildFile; fileRef = 87B392952A0B5B630095F6A4 /* RootView.swift */; };
		87B392982A0B5B6B0095F6A4 /* AuthView.swift in Sources */ = {isa = PBXBuildFile; fileRef = 87B392972A0B5B6B0095F6A4 /* AuthView.swift */; };
		87B3929A2A0B5B750095F6A4 /* MainView.swift in Sources */ = {isa = PBXBuildFile; fileRef = 87B392992A0B5B750095F6A4 /* MainView.swift */; };
		87B3929C2A0B5B7B0095F6A4 /* CounterView.swift in Sources */ = {isa = PBXBuildFile; fileRef = 87B3929B2A0B5B7B0095F6A4 /* CounterView.swift */; };
		87B3929F2A0B5BAA0095F6A4 /* Exports.swift in Sources */ = {isa = PBXBuildFile; fileRef = 87B3929E2A0B5BAA0095F6A4 /* Exports.swift */; };
		87B392A12A0B61150095F6A4 /* TemplateView.swift in Sources */ = {isa = PBXBuildFile; fileRef = 87B392A02A0B61150095F6A4 /* TemplateView.swift */; };
		904A24EC2A1A1E3C00AA8BD4 /* DependencyValues++.swift in Sources */ = {isa = PBXBuildFile; fileRef = 904A24EB2A1A1E3C00AA8BD4 /* DependencyValues++.swift */; };
		90AF8A272A1A5004002A6FBD /* UserModel.swift in Sources */ = {isa = PBXBuildFile; fileRef = 90AF8A262A1A5004002A6FBD /* UserModel.swift */; };
		90AF8A292A1A508F002A6FBD /* BaseModel.swift in Sources */ = {isa = PBXBuildFile; fileRef = 90AF8A282A1A508F002A6FBD /* BaseModel.swift */; };
		90AF8A2B2A1A50BD002A6FBD /* BaseIDModel.swift in Sources */ = {isa = PBXBuildFile; fileRef = 90AF8A2A2A1A50BD002A6FBD /* BaseIDModel.swift */; };
		90AF8A2D2A1A5107002A6FBD /* Token.swift in Sources */ = {isa = PBXBuildFile; fileRef = 90AF8A2C2A1A5107002A6FBD /* Token.swift */; };
		90FA03A42A2121C000344615 /* UserService.swift in Sources */ = {isa = PBXBuildFile; fileRef = 90FA03A32A2121C000344615 /* UserService.swift */; };
		EBDA41562AAEABE100B6CC68 /* CombineRequest in Frameworks */ = {isa = PBXBuildFile; productRef = EBDA41552AAEABE100B6CC68 /* CombineRequest */; };
		EBDA41582AAEABE100B6CC68 /* CombineSocketIO in Frameworks */ = {isa = PBXBuildFile; productRef = EBDA41572AAEABE100B6CC68 /* CombineSocketIO */; };
		EBDA415A2AAEABE100B6CC68 /* CombineWebSocket in Frameworks */ = {isa = PBXBuildFile; productRef = EBDA41592AAEABE100B6CC68 /* CombineWebSocket */; };
		EBDA41692AAEAC1800B6CC68 /* Json in Frameworks */ = {isa = PBXBuildFile; productRef = EBDA41682AAEAC1800B6CC68 /* Json */; };
		EBDA416C2AAEAC2F00B6CC68 /* Transform in Frameworks */ = {isa = PBXBuildFile; productRef = EBDA416B2AAEAC2F00B6CC68 /* Transform */; };
		EBDA416F2AAEAC5300B6CC68 /* SwiftLogger in Frameworks */ = {isa = PBXBuildFile; productRef = EBDA416E2AAEAC5300B6CC68 /* SwiftLogger */; };
		EBDA417A2AAEBA6B00B6CC68 /* NavigationStackBackport in Frameworks */ = {isa = PBXBuildFile; productRef = EBDA41792AAEBA6B00B6CC68 /* NavigationStackBackport */; };
/* End PBXBuildFile section */

/* Begin PBXFileReference section */
		8770082D2A0C8FF8003326AA /* AsyncPhaseView.swift */ = {isa = PBXFileReference; lastKnownFileType = sourcecode.swift; path = AsyncPhaseView.swift; sourceTree = "<group>"; };
		877008302A0C9B10003326AA /* BaseService.swift */ = {isa = PBXFileReference; lastKnownFileType = sourcecode.swift; path = BaseService.swift; sourceTree = "<group>"; };
		877008322A0C9BD5003326AA /* TodoService.swift */ = {isa = PBXFileReference; lastKnownFileType = sourcecode.swift; path = TodoService.swift; sourceTree = "<group>"; };
		877008382A0CC590003326AA /* TimerView.swift */ = {isa = PBXFileReference; lastKnownFileType = sourcecode.swift; path = TimerView.swift; sourceTree = "<group>"; };
		877B5F4A2A205EE600B1A87D /* ExampleView.swift */ = {isa = PBXFileReference; lastKnownFileType = sourcecode.swift; path = ExampleView.swift; sourceTree = "<group>"; };
		87B3926F2A0B59010095F6A4 /* TodoList.app */ = {isa = PBXFileReference; explicitFileType = wrapper.application; includeInIndex = 0; path = TodoList.app; sourceTree = BUILT_PRODUCTS_DIR; };
		87B392722A0B59010095F6A4 /* TodoListApp.swift */ = {isa = PBXFileReference; lastKnownFileType = sourcecode.swift; path = TodoListApp.swift; sourceTree = "<group>"; };
		87B392762A0B59020095F6A4 /* Assets.xcassets */ = {isa = PBXFileReference; lastKnownFileType = folder.assetcatalog; path = Assets.xcassets; sourceTree = "<group>"; };
		87B392782A0B59020095F6A4 /* TodoList.entitlements */ = {isa = PBXFileReference; lastKnownFileType = text.plist.entitlements; path = TodoList.entitlements; sourceTree = "<group>"; };
		87B3927A2A0B59020095F6A4 /* Preview Assets.xcassets */ = {isa = PBXFileReference; lastKnownFileType = folder.assetcatalog; path = "Preview Assets.xcassets"; sourceTree = "<group>"; };
		87B392922A0B5B090095F6A4 /* TodoModel.swift */ = {isa = PBXFileReference; lastKnownFileType = sourcecode.swift; path = TodoModel.swift; sourceTree = "<group>"; };
		87B392952A0B5B630095F6A4 /* RootView.swift */ = {isa = PBXFileReference; lastKnownFileType = sourcecode.swift; path = RootView.swift; sourceTree = "<group>"; };
		87B392972A0B5B6B0095F6A4 /* AuthView.swift */ = {isa = PBXFileReference; lastKnownFileType = sourcecode.swift; path = AuthView.swift; sourceTree = "<group>"; };
		87B392992A0B5B750095F6A4 /* MainView.swift */ = {isa = PBXFileReference; lastKnownFileType = sourcecode.swift; path = MainView.swift; sourceTree = "<group>"; };
		87B3929B2A0B5B7B0095F6A4 /* CounterView.swift */ = {isa = PBXFileReference; lastKnownFileType = sourcecode.swift; path = CounterView.swift; sourceTree = "<group>"; };
		87B3929E2A0B5BAA0095F6A4 /* Exports.swift */ = {isa = PBXFileReference; lastKnownFileType = sourcecode.swift; path = Exports.swift; sourceTree = "<group>"; };
		87B392A02A0B61150095F6A4 /* TemplateView.swift */ = {isa = PBXFileReference; lastKnownFileType = sourcecode.swift; path = TemplateView.swift; sourceTree = "<group>"; };
		904A24EB2A1A1E3C00AA8BD4 /* DependencyValues++.swift */ = {isa = PBXFileReference; lastKnownFileType = sourcecode.swift; path = "DependencyValues++.swift"; sourceTree = "<group>"; };
		90AF8A262A1A5004002A6FBD /* UserModel.swift */ = {isa = PBXFileReference; lastKnownFileType = sourcecode.swift; path = UserModel.swift; sourceTree = "<group>"; };
		90AF8A282A1A508F002A6FBD /* BaseModel.swift */ = {isa = PBXFileReference; lastKnownFileType = sourcecode.swift; path = BaseModel.swift; sourceTree = "<group>"; };
		90AF8A2A2A1A50BD002A6FBD /* BaseIDModel.swift */ = {isa = PBXFileReference; lastKnownFileType = sourcecode.swift; path = BaseIDModel.swift; sourceTree = "<group>"; };
		90AF8A2C2A1A5107002A6FBD /* Token.swift */ = {isa = PBXFileReference; lastKnownFileType = sourcecode.swift; path = Token.swift; sourceTree = "<group>"; };
		90FA03A32A2121C000344615 /* UserService.swift */ = {isa = PBXFileReference; lastKnownFileType = sourcecode.swift; path = UserService.swift; sourceTree = "<group>"; };
/* End PBXFileReference section */

/* Begin PBXFrameworksBuildPhase section */
		87B3926C2A0B59010095F6A4 /* Frameworks */ = {
			isa = PBXFrameworksBuildPhase;
			buildActionMask = 2147483647;
			files = (
				EBDA416F2AAEAC5300B6CC68 /* SwiftLogger in Frameworks */,
				EBDA415A2AAEABE100B6CC68 /* CombineWebSocket in Frameworks */,
				EBDA41562AAEABE100B6CC68 /* CombineRequest in Frameworks */,
				EBDA417A2AAEBA6B00B6CC68 /* NavigationStackBackport in Frameworks */,
				87B392832A0B593E0095F6A4 /* ComposableArchitecture in Frameworks */,
				EBDA416C2AAEAC2F00B6CC68 /* Transform in Frameworks */,
				EBDA41692AAEAC1800B6CC68 /* Json in Frameworks */,
				EBDA41582AAEABE100B6CC68 /* CombineSocketIO in Frameworks */,
			);
			runOnlyForDeploymentPostprocessing = 0;
		};
/* End PBXFrameworksBuildPhase section */

/* Begin PBXGroup section */
		8770082F2A0C9B00003326AA /* Services */ = {
			isa = PBXGroup;
			children = (
				877008302A0C9B10003326AA /* BaseService.swift */,
				877008322A0C9BD5003326AA /* TodoService.swift */,
				90FA03A32A2121C000344615 /* UserService.swift */,
			);
			path = Services;
			sourceTree = "<group>";
		};
		87B392662A0B59010095F6A4 = {
			isa = PBXGroup;
			children = (
				87B392712A0B59010095F6A4 /* TodoList */,
				87B392702A0B59010095F6A4 /* Products */,
				87B392812A0B593E0095F6A4 /* Frameworks */,
			);
			sourceTree = "<group>";
		};
		87B392702A0B59010095F6A4 /* Products */ = {
			isa = PBXGroup;
			children = (
				87B3926F2A0B59010095F6A4 /* TodoList.app */,
			);
			name = Products;
			sourceTree = "<group>";
		};
		87B392712A0B59010095F6A4 /* TodoList */ = {
			isa = PBXGroup;
			children = (
				8770082F2A0C9B00003326AA /* Services */,
				87B3929D2A0B5B990095F6A4 /* Internal */,
				87B392942A0B5B570095F6A4 /* Screens */,
				87B392912A0B5AFB0095F6A4 /* Models */,
				87B392722A0B59010095F6A4 /* TodoListApp.swift */,
				904A24EB2A1A1E3C00AA8BD4 /* DependencyValues++.swift */,
				87B392762A0B59020095F6A4 /* Assets.xcassets */,
				87B392782A0B59020095F6A4 /* TodoList.entitlements */,
				87B392792A0B59020095F6A4 /* Preview Content */,
			);
			path = TodoList;
			sourceTree = "<group>";
		};
		87B392792A0B59020095F6A4 /* Preview Content */ = {
			isa = PBXGroup;
			children = (
				87B3927A2A0B59020095F6A4 /* Preview Assets.xcassets */,
			);
			path = "Preview Content";
			sourceTree = "<group>";
		};
		87B392812A0B593E0095F6A4 /* Frameworks */ = {
			isa = PBXGroup;
			children = (
			);
			name = Frameworks;
			sourceTree = "<group>";
		};
		87B392912A0B5AFB0095F6A4 /* Models */ = {
			isa = PBXGroup;
			children = (
				87B392922A0B5B090095F6A4 /* TodoModel.swift */,
				90AF8A262A1A5004002A6FBD /* UserModel.swift */,
				90AF8A282A1A508F002A6FBD /* BaseModel.swift */,
				90AF8A2A2A1A50BD002A6FBD /* BaseIDModel.swift */,
				90AF8A2C2A1A5107002A6FBD /* Token.swift */,
			);
			path = Models;
			sourceTree = "<group>";
		};
		87B392942A0B5B570095F6A4 /* Screens */ = {
			isa = PBXGroup;
			children = (
				87B392952A0B5B630095F6A4 /* RootView.swift */,
				87B392972A0B5B6B0095F6A4 /* AuthView.swift */,
				87B392992A0B5B750095F6A4 /* MainView.swift */,
				87B3929B2A0B5B7B0095F6A4 /* CounterView.swift */,
				87B392A02A0B61150095F6A4 /* TemplateView.swift */,
				877008382A0CC590003326AA /* TimerView.swift */,
				877B5F4A2A205EE600B1A87D /* ExampleView.swift */,
			);
			path = Screens;
			sourceTree = "<group>";
		};
		87B3929D2A0B5B990095F6A4 /* Internal */ = {
			isa = PBXGroup;
			children = (
				87B3929E2A0B5BAA0095F6A4 /* Exports.swift */,
				8770082D2A0C8FF8003326AA /* AsyncPhaseView.swift */,
			);
			path = Internal;
			sourceTree = "<group>";
		};
/* End PBXGroup section */

/* Begin PBXNativeTarget section */
		87B3926E2A0B59010095F6A4 /* TodoList */ = {
			isa = PBXNativeTarget;
			buildConfigurationList = 87B3927E2A0B59020095F6A4 /* Build configuration list for PBXNativeTarget "TodoList" */;
			buildPhases = (
				87B3926B2A0B59010095F6A4 /* Sources */,
				87B3926C2A0B59010095F6A4 /* Frameworks */,
				87B3926D2A0B59010095F6A4 /* Resources */,
			);
			buildRules = (
			);
			dependencies = (
			);
			name = TodoList;
			packageProductDependencies = (
				87B392822A0B593E0095F6A4 /* ComposableArchitecture */,
				EBDA41552AAEABE100B6CC68 /* CombineRequest */,
				EBDA41572AAEABE100B6CC68 /* CombineSocketIO */,
				EBDA41592AAEABE100B6CC68 /* CombineWebSocket */,
				EBDA41682AAEAC1800B6CC68 /* Json */,
				EBDA416B2AAEAC2F00B6CC68 /* Transform */,
				EBDA416E2AAEAC5300B6CC68 /* SwiftLogger */,
				EBDA41792AAEBA6B00B6CC68 /* NavigationStackBackport */,
			);
			productName = TodoList;
			productReference = 87B3926F2A0B59010095F6A4 /* TodoList.app */;
			productType = "com.apple.product-type.application";
		};
/* End PBXNativeTarget section */

/* Begin PBXProject section */
		87B392672A0B59010095F6A4 /* Project object */ = {
			isa = PBXProject;
			attributes = {
				BuildIndependentTargetsInParallel = 1;
				LastSwiftUpdateCheck = 1430;
				LastUpgradeCheck = 1500;
				TargetAttributes = {
					87B3926E2A0B59010095F6A4 = {
						CreatedOnToolsVersion = 14.3;
					};
				};
			};
			buildConfigurationList = 87B3926A2A0B59010095F6A4 /* Build configuration list for PBXProject "TodoList" */;
			compatibilityVersion = "Xcode 14.0";
			developmentRegion = en;
			hasScannedForEncodings = 0;
			knownRegions = (
				en,
				Base,
			);
			mainGroup = 87B392662A0B59010095F6A4;
			packageReferences = (
				EBDA41542AAEABE100B6CC68 /* XCRemoteSwiftPackageReference "swift-networking" */,
				EBDA41672AAEAC1800B6CC68 /* XCRemoteSwiftPackageReference "swift-json" */,
				EBDA416A2AAEAC2F00B6CC68 /* XCRemoteSwiftPackageReference "swift-extension" */,
				EBDA416D2AAEAC5300B6CC68 /* XCRemoteSwiftPackageReference "swift-logger" */,
				EBDA41782AAEBA6B00B6CC68 /* XCRemoteSwiftPackageReference "navigation-stack-backport" */,
			);
			productRefGroup = 87B392702A0B59010095F6A4 /* Products */;
			projectDirPath = "";
			projectRoot = "";
			targets = (
				87B3926E2A0B59010095F6A4 /* TodoList */,
			);
		};
/* End PBXProject section */

/* Begin PBXResourcesBuildPhase section */
		87B3926D2A0B59010095F6A4 /* Resources */ = {
			isa = PBXResourcesBuildPhase;
			buildActionMask = 2147483647;
			files = (
				87B3927B2A0B59020095F6A4 /* Preview Assets.xcassets in Resources */,
				87B392772A0B59020095F6A4 /* Assets.xcassets in Resources */,
			);
			runOnlyForDeploymentPostprocessing = 0;
		};
/* End PBXResourcesBuildPhase section */

/* Begin PBXSourcesBuildPhase section */
		87B3926B2A0B59010095F6A4 /* Sources */ = {
			isa = PBXSourcesBuildPhase;
			buildActionMask = 2147483647;
			files = (
				90AF8A292A1A508F002A6FBD /* BaseModel.swift in Sources */,
				877008392A0CC590003326AA /* TimerView.swift in Sources */,
				87B392962A0B5B630095F6A4 /* RootView.swift in Sources */,
				87B3929A2A0B5B750095F6A4 /* MainView.swift in Sources */,
				87B392982A0B5B6B0095F6A4 /* AuthView.swift in Sources */,
				877B5F4B2A205EE600B1A87D /* ExampleView.swift in Sources */,
				90FA03A42A2121C000344615 /* UserService.swift in Sources */,
				877008332A0C9BD5003326AA /* TodoService.swift in Sources */,
				87B3929F2A0B5BAA0095F6A4 /* Exports.swift in Sources */,
				87B392A12A0B61150095F6A4 /* TemplateView.swift in Sources */,
				90AF8A2B2A1A50BD002A6FBD /* BaseIDModel.swift in Sources */,
				90AF8A272A1A5004002A6FBD /* UserModel.swift in Sources */,
				90AF8A2D2A1A5107002A6FBD /* Token.swift in Sources */,
				904A24EC2A1A1E3C00AA8BD4 /* DependencyValues++.swift in Sources */,
				8770082E2A0C8FF8003326AA /* AsyncPhaseView.swift in Sources */,
				87B3929C2A0B5B7B0095F6A4 /* CounterView.swift in Sources */,
				87B392932A0B5B090095F6A4 /* TodoModel.swift in Sources */,
				87B392732A0B59010095F6A4 /* TodoListApp.swift in Sources */,
				877008312A0C9B10003326AA /* BaseService.swift in Sources */,
			);
			runOnlyForDeploymentPostprocessing = 0;
		};
/* End PBXSourcesBuildPhase section */

/* Begin XCBuildConfiguration section */
		87B3927C2A0B59020095F6A4 /* Debug */ = {
			isa = XCBuildConfiguration;
			buildSettings = {
				ALWAYS_SEARCH_USER_PATHS = NO;
				ASSETCATALOG_COMPILER_GENERATE_SWIFT_ASSET_SYMBOL_EXTENSIONS = YES;
				CLANG_ANALYZER_NONNULL = YES;
				CLANG_ANALYZER_NUMBER_OBJECT_CONVERSION = YES_AGGRESSIVE;
				CLANG_CXX_LANGUAGE_STANDARD = "gnu++20";
				CLANG_ENABLE_MODULES = YES;
				CLANG_ENABLE_OBJC_ARC = YES;
				CLANG_ENABLE_OBJC_WEAK = YES;
				CLANG_WARN_BLOCK_CAPTURE_AUTORELEASING = YES;
				CLANG_WARN_BOOL_CONVERSION = YES;
				CLANG_WARN_COMMA = YES;
				CLANG_WARN_CONSTANT_CONVERSION = YES;
				CLANG_WARN_DEPRECATED_OBJC_IMPLEMENTATIONS = YES;
				CLANG_WARN_DIRECT_OBJC_ISA_USAGE = YES_ERROR;
				CLANG_WARN_DOCUMENTATION_COMMENTS = YES;
				CLANG_WARN_EMPTY_BODY = YES;
				CLANG_WARN_ENUM_CONVERSION = YES;
				CLANG_WARN_INFINITE_RECURSION = YES;
				CLANG_WARN_INT_CONVERSION = YES;
				CLANG_WARN_NON_LITERAL_NULL_CONVERSION = YES;
				CLANG_WARN_OBJC_IMPLICIT_RETAIN_SELF = YES;
				CLANG_WARN_OBJC_LITERAL_CONVERSION = YES;
				CLANG_WARN_OBJC_ROOT_CLASS = YES_ERROR;
				CLANG_WARN_QUOTED_INCLUDE_IN_FRAMEWORK_HEADER = YES;
				CLANG_WARN_RANGE_LOOP_ANALYSIS = YES;
				CLANG_WARN_STRICT_PROTOTYPES = YES;
				CLANG_WARN_SUSPICIOUS_MOVE = YES;
				CLANG_WARN_UNGUARDED_AVAILABILITY = YES_AGGRESSIVE;
				CLANG_WARN_UNREACHABLE_CODE = YES;
				CLANG_WARN__DUPLICATE_METHOD_MATCH = YES;
				COPY_PHASE_STRIP = NO;
				DEAD_CODE_STRIPPING = YES;
				DEBUG_INFORMATION_FORMAT = dwarf;
				ENABLE_STRICT_OBJC_MSGSEND = YES;
				ENABLE_TESTABILITY = YES;
				ENABLE_USER_SCRIPT_SANDBOXING = YES;
				GCC_C_LANGUAGE_STANDARD = gnu11;
				GCC_DYNAMIC_NO_PIC = NO;
				GCC_NO_COMMON_BLOCKS = YES;
				GCC_OPTIMIZATION_LEVEL = 0;
				GCC_PREPROCESSOR_DEFINITIONS = (
					"DEBUG=1",
					"$(inherited)",
				);
				GCC_WARN_64_TO_32_BIT_CONVERSION = YES;
				GCC_WARN_ABOUT_RETURN_TYPE = YES_ERROR;
				GCC_WARN_UNDECLARED_SELECTOR = YES;
				GCC_WARN_UNINITIALIZED_AUTOS = YES_AGGRESSIVE;
				GCC_WARN_UNUSED_FUNCTION = YES;
				GCC_WARN_UNUSED_VARIABLE = YES;
				MTL_ENABLE_DEBUG_INFO = INCLUDE_SOURCE;
				MTL_FAST_MATH = YES;
				ONLY_ACTIVE_ARCH = YES;
				SWIFT_ACTIVE_COMPILATION_CONDITIONS = DEBUG;
				SWIFT_OPTIMIZATION_LEVEL = "-Onone";
			};
			name = Debug;
		};
		87B3927D2A0B59020095F6A4 /* Release */ = {
			isa = XCBuildConfiguration;
			buildSettings = {
				ALWAYS_SEARCH_USER_PATHS = NO;
				ASSETCATALOG_COMPILER_GENERATE_SWIFT_ASSET_SYMBOL_EXTENSIONS = YES;
				CLANG_ANALYZER_NONNULL = YES;
				CLANG_ANALYZER_NUMBER_OBJECT_CONVERSION = YES_AGGRESSIVE;
				CLANG_CXX_LANGUAGE_STANDARD = "gnu++20";
				CLANG_ENABLE_MODULES = YES;
				CLANG_ENABLE_OBJC_ARC = YES;
				CLANG_ENABLE_OBJC_WEAK = YES;
				CLANG_WARN_BLOCK_CAPTURE_AUTORELEASING = YES;
				CLANG_WARN_BOOL_CONVERSION = YES;
				CLANG_WARN_COMMA = YES;
				CLANG_WARN_CONSTANT_CONVERSION = YES;
				CLANG_WARN_DEPRECATED_OBJC_IMPLEMENTATIONS = YES;
				CLANG_WARN_DIRECT_OBJC_ISA_USAGE = YES_ERROR;
				CLANG_WARN_DOCUMENTATION_COMMENTS = YES;
				CLANG_WARN_EMPTY_BODY = YES;
				CLANG_WARN_ENUM_CONVERSION = YES;
				CLANG_WARN_INFINITE_RECURSION = YES;
				CLANG_WARN_INT_CONVERSION = YES;
				CLANG_WARN_NON_LITERAL_NULL_CONVERSION = YES;
				CLANG_WARN_OBJC_IMPLICIT_RETAIN_SELF = YES;
				CLANG_WARN_OBJC_LITERAL_CONVERSION = YES;
				CLANG_WARN_OBJC_ROOT_CLASS = YES_ERROR;
				CLANG_WARN_QUOTED_INCLUDE_IN_FRAMEWORK_HEADER = YES;
				CLANG_WARN_RANGE_LOOP_ANALYSIS = YES;
				CLANG_WARN_STRICT_PROTOTYPES = YES;
				CLANG_WARN_SUSPICIOUS_MOVE = YES;
				CLANG_WARN_UNGUARDED_AVAILABILITY = YES_AGGRESSIVE;
				CLANG_WARN_UNREACHABLE_CODE = YES;
				CLANG_WARN__DUPLICATE_METHOD_MATCH = YES;
				COPY_PHASE_STRIP = NO;
				DEAD_CODE_STRIPPING = YES;
				DEBUG_INFORMATION_FORMAT = "dwarf-with-dsym";
				ENABLE_NS_ASSERTIONS = NO;
				ENABLE_STRICT_OBJC_MSGSEND = YES;
				ENABLE_USER_SCRIPT_SANDBOXING = YES;
				GCC_C_LANGUAGE_STANDARD = gnu11;
				GCC_NO_COMMON_BLOCKS = YES;
				GCC_WARN_64_TO_32_BIT_CONVERSION = YES;
				GCC_WARN_ABOUT_RETURN_TYPE = YES_ERROR;
				GCC_WARN_UNDECLARED_SELECTOR = YES;
				GCC_WARN_UNINITIALIZED_AUTOS = YES_AGGRESSIVE;
				GCC_WARN_UNUSED_FUNCTION = YES;
				GCC_WARN_UNUSED_VARIABLE = YES;
				MTL_ENABLE_DEBUG_INFO = NO;
				MTL_FAST_MATH = YES;
				SWIFT_COMPILATION_MODE = wholemodule;
				SWIFT_OPTIMIZATION_LEVEL = "-O";
			};
			name = Release;
		};
		87B3927F2A0B59020095F6A4 /* Debug */ = {
			isa = XCBuildConfiguration;
			buildSettings = {
				ASSETCATALOG_COMPILER_APPICON_NAME = AppIcon;
				ASSETCATALOG_COMPILER_GLOBAL_ACCENT_COLOR_NAME = AccentColor;
				CODE_SIGN_ENTITLEMENTS = TodoList/TodoList.entitlements;
				CODE_SIGN_STYLE = Automatic;
				CURRENT_PROJECT_VERSION = 1;
				DEAD_CODE_STRIPPING = YES;
				DEVELOPMENT_ASSET_PATHS = "\"TodoList/Preview Content\"";
				ENABLE_PREVIEWS = YES;
				GENERATE_INFOPLIST_FILE = YES;
				"INFOPLIST_KEY_UIApplicationSceneManifest_Generation[sdk=iphoneos*]" = YES;
				"INFOPLIST_KEY_UIApplicationSceneManifest_Generation[sdk=iphonesimulator*]" = YES;
				"INFOPLIST_KEY_UIApplicationSupportsIndirectInputEvents[sdk=iphoneos*]" = YES;
				"INFOPLIST_KEY_UIApplicationSupportsIndirectInputEvents[sdk=iphonesimulator*]" = YES;
				"INFOPLIST_KEY_UILaunchScreen_Generation[sdk=iphoneos*]" = YES;
				"INFOPLIST_KEY_UILaunchScreen_Generation[sdk=iphonesimulator*]" = YES;
				"INFOPLIST_KEY_UIStatusBarStyle[sdk=iphoneos*]" = UIStatusBarStyleDefault;
				"INFOPLIST_KEY_UIStatusBarStyle[sdk=iphonesimulator*]" = UIStatusBarStyleDefault;
				INFOPLIST_KEY_UISupportedInterfaceOrientations_iPad = "UIInterfaceOrientationPortrait UIInterfaceOrientationPortraitUpsideDown UIInterfaceOrientationLandscapeLeft UIInterfaceOrientationLandscapeRight";
				INFOPLIST_KEY_UISupportedInterfaceOrientations_iPhone = "UIInterfaceOrientationPortrait UIInterfaceOrientationLandscapeLeft UIInterfaceOrientationLandscapeRight";
				IPHONEOS_DEPLOYMENT_TARGET = 16.4;
				LD_RUNPATH_SEARCH_PATHS = "@executable_path/Frameworks";
				"LD_RUNPATH_SEARCH_PATHS[sdk=macosx*]" = "@executable_path/../Frameworks";
				MACOSX_DEPLOYMENT_TARGET = 13.1;
				MARKETING_VERSION = 1.0;
				PRODUCT_BUNDLE_IDENTIFIER = dev.swift.composable.archiecture.TodoList;
				PRODUCT_NAME = "$(TARGET_NAME)";
				SDKROOT = auto;
				SUPPORTED_PLATFORMS = "iphoneos iphonesimulator macosx";
				SWIFT_EMIT_LOC_STRINGS = YES;
				SWIFT_VERSION = 5.0;
				TARGETED_DEVICE_FAMILY = "1,2";
			};
			name = Debug;
		};
		87B392802A0B59020095F6A4 /* Release */ = {
			isa = XCBuildConfiguration;
			buildSettings = {
				ASSETCATALOG_COMPILER_APPICON_NAME = AppIcon;
				ASSETCATALOG_COMPILER_GLOBAL_ACCENT_COLOR_NAME = AccentColor;
				CODE_SIGN_ENTITLEMENTS = TodoList/TodoList.entitlements;
				CODE_SIGN_STYLE = Automatic;
				CURRENT_PROJECT_VERSION = 1;
				DEAD_CODE_STRIPPING = YES;
				DEVELOPMENT_ASSET_PATHS = "\"TodoList/Preview Content\"";
				ENABLE_PREVIEWS = YES;
				GENERATE_INFOPLIST_FILE = YES;
				"INFOPLIST_KEY_UIApplicationSceneManifest_Generation[sdk=iphoneos*]" = YES;
				"INFOPLIST_KEY_UIApplicationSceneManifest_Generation[sdk=iphonesimulator*]" = YES;
				"INFOPLIST_KEY_UIApplicationSupportsIndirectInputEvents[sdk=iphoneos*]" = YES;
				"INFOPLIST_KEY_UIApplicationSupportsIndirectInputEvents[sdk=iphonesimulator*]" = YES;
				"INFOPLIST_KEY_UILaunchScreen_Generation[sdk=iphoneos*]" = YES;
				"INFOPLIST_KEY_UILaunchScreen_Generation[sdk=iphonesimulator*]" = YES;
				"INFOPLIST_KEY_UIStatusBarStyle[sdk=iphoneos*]" = UIStatusBarStyleDefault;
				"INFOPLIST_KEY_UIStatusBarStyle[sdk=iphonesimulator*]" = UIStatusBarStyleDefault;
				INFOPLIST_KEY_UISupportedInterfaceOrientations_iPad = "UIInterfaceOrientationPortrait UIInterfaceOrientationPortraitUpsideDown UIInterfaceOrientationLandscapeLeft UIInterfaceOrientationLandscapeRight";
				INFOPLIST_KEY_UISupportedInterfaceOrientations_iPhone = "UIInterfaceOrientationPortrait UIInterfaceOrientationLandscapeLeft UIInterfaceOrientationLandscapeRight";
				IPHONEOS_DEPLOYMENT_TARGET = 16.4;
				LD_RUNPATH_SEARCH_PATHS = "@executable_path/Frameworks";
				"LD_RUNPATH_SEARCH_PATHS[sdk=macosx*]" = "@executable_path/../Frameworks";
				MACOSX_DEPLOYMENT_TARGET = 13.1;
				MARKETING_VERSION = 1.0;
				PRODUCT_BUNDLE_IDENTIFIER = dev.swift.composable.archiecture.TodoList;
				PRODUCT_NAME = "$(TARGET_NAME)";
				SDKROOT = auto;
				SUPPORTED_PLATFORMS = "iphoneos iphonesimulator macosx";
				SWIFT_EMIT_LOC_STRINGS = YES;
				SWIFT_VERSION = 5.0;
				TARGETED_DEVICE_FAMILY = "1,2";
			};
			name = Release;
		};
/* End XCBuildConfiguration section */

/* Begin XCConfigurationList section */
		87B3926A2A0B59010095F6A4 /* Build configuration list for PBXProject "TodoList" */ = {
			isa = XCConfigurationList;
			buildConfigurations = (
				87B3927C2A0B59020095F6A4 /* Debug */,
				87B3927D2A0B59020095F6A4 /* Release */,
			);
			defaultConfigurationIsVisible = 0;
			defaultConfigurationName = Release;
		};
		87B3927E2A0B59020095F6A4 /* Build configuration list for PBXNativeTarget "TodoList" */ = {
			isa = XCConfigurationList;
			buildConfigurations = (
				87B3927F2A0B59020095F6A4 /* Debug */,
				87B392802A0B59020095F6A4 /* Release */,
			);
			defaultConfigurationIsVisible = 0;
			defaultConfigurationName = Release;
		};
/* End XCConfigurationList section */

/* Begin XCRemoteSwiftPackageReference section */
		EBDA41542AAEABE100B6CC68 /* XCRemoteSwiftPackageReference "swift-networking" */ = {
			isa = XCRemoteSwiftPackageReference;
			repositoryURL = "https://github.com/FullStack-Swift/swift-networking";
			requirement = {
				branch = main;
				kind = branch;
			};
		};
		EBDA41672AAEAC1800B6CC68 /* XCRemoteSwiftPackageReference "swift-json" */ = {
			isa = XCRemoteSwiftPackageReference;
			repositoryURL = "https://github.com/FullStack-Swift/swift-json";
			requirement = {
				branch = main;
				kind = branch;
			};
		};
		EBDA416A2AAEAC2F00B6CC68 /* XCRemoteSwiftPackageReference "swift-extension" */ = {
			isa = XCRemoteSwiftPackageReference;
			repositoryURL = "https://github.com/FullStack-Swift/swift-extension";
			requirement = {
				branch = main;
				kind = branch;
			};
		};
		EBDA416D2AAEAC5300B6CC68 /* XCRemoteSwiftPackageReference "swift-logger" */ = {
			isa = XCRemoteSwiftPackageReference;
			repositoryURL = "https://github.com/FullStack-Swift/swift-logger";
			requirement = {
				branch = main;
				kind = branch;
			};
		};
		EBDA41782AAEBA6B00B6CC68 /* XCRemoteSwiftPackageReference "navigation-stack-backport" */ = {
			isa = XCRemoteSwiftPackageReference;
			repositoryURL = "https://github.com/lm/navigation-stack-backport";
			requirement = {
				kind = upToNextMajorVersion;
				minimumVersion = 1.0.0;
			};
		};
/* End XCRemoteSwiftPackageReference section */

/* Begin XCSwiftPackageProductDependency section */
		87B392822A0B593E0095F6A4 /* ComposableArchitecture */ = {
			isa = XCSwiftPackageProductDependency;
			productName = ComposableArchitecture;
		};
		EBDA41552AAEABE100B6CC68 /* CombineRequest */ = {
			isa = XCSwiftPackageProductDependency;
			package = EBDA41542AAEABE100B6CC68 /* XCRemoteSwiftPackageReference "swift-networking" */;
			productName = CombineRequest;
		};
		EBDA41572AAEABE100B6CC68 /* CombineSocketIO */ = {
			isa = XCSwiftPackageProductDependency;
			package = EBDA41542AAEABE100B6CC68 /* XCRemoteSwiftPackageReference "swift-networking" */;
			productName = CombineSocketIO;
		};
		EBDA41592AAEABE100B6CC68 /* CombineWebSocket */ = {
			isa = XCSwiftPackageProductDependency;
			package = EBDA41542AAEABE100B6CC68 /* XCRemoteSwiftPackageReference "swift-networking" */;
			productName = CombineWebSocket;
		};
		EBDA41682AAEAC1800B6CC68 /* Json */ = {
			isa = XCSwiftPackageProductDependency;
			package = EBDA41672AAEAC1800B6CC68 /* XCRemoteSwiftPackageReference "swift-json" */;
			productName = Json;
		};
		EBDA416B2AAEAC2F00B6CC68 /* Transform */ = {
			isa = XCSwiftPackageProductDependency;
			package = EBDA416A2AAEAC2F00B6CC68 /* XCRemoteSwiftPackageReference "swift-extension" */;
			productName = Transform;
		};
		EBDA416E2AAEAC5300B6CC68 /* SwiftLogger */ = {
			isa = XCSwiftPackageProductDependency;
			package = EBDA416D2AAEAC5300B6CC68 /* XCRemoteSwiftPackageReference "swift-logger" */;
			productName = SwiftLogger;
		};
		EBDA41792AAEBA6B00B6CC68 /* NavigationStackBackport */ = {
			isa = XCSwiftPackageProductDependency;
			package = EBDA41782AAEBA6B00B6CC68 /* XCRemoteSwiftPackageReference "navigation-stack-backport" */;
			productName = NavigationStackBackport;
		};
/* End XCSwiftPackageProductDependency section */
	};
	rootObject = 87B392672A0B59010095F6A4 /* Project object */;
}
