{
  "pins" : [
    {
      "identity" : "alamofire",
      "kind" : "remoteSourceControl",
      "location" : "https://github.com/Alamofire/Alamofire.git",
      "state" : {
        "revision" : "bc268c28fb170f494de9e9927c371b8342979ece",
        "version" : "5.7.1"
      }
    },
    {
      "identity" : "navigation-stack-backport",
      "kind" : "remoteSourceControl",
      "location" : "https://github.com/lm/navigation-stack-backport",
      "state" : {
        "revision" : "7641abbba79be2cc2616413e7915d5f778784ecd",
        "version" : "1.0.0"
      }
    },
    {
      "identity" : "reactiveswift",
      "kind" : "remoteSourceControl",
      "location" : "https://github.com/ReactiveCocoa/ReactiveSwift.git",
      "state" : {
        "revision" : "40c465af19b993344e84355c00669ba2022ca3cd",
        "version" : "7.1.1"
      }
    },
    {
      "identity" : "rxswift",
      "kind" : "remoteSourceControl",
      "location" : "https://github.com/ReactiveX/RxSwift.git",
      "state" : {
        "revision" : "9dcaa4b333db437b0fbfaf453fad29069044a8b4",
        "version" : "6.6.0"
      }
    },
    {
      "identity" : "socket.io-client-swift",
      "kind" : "remoteSourceControl",
      "location" : "https://github.com/socketio/socket.io-client-swift",
      "state" : {
        "revision" : "af5ce97b755d964235348d96f6db5cbdcbe334a5",
        "version" : "16.0.1"
      }
    },
    {
      "identity" : "starscream",
      "kind" : "remoteSourceControl",
      "location" : "https://github.com/daltoniam/Starscream.git",
      "state" : {
        "revision" : "df8d82047f6654d8e4b655d1b1525c64e1059d21",
        "version" : "4.0.4"
      }
    },
    {
      "identity" : "swift-extension",
      "kind" : "remoteSourceControl",
      "location" : "https://github.com/FullStack-Swift/swift-extension",
      "state" : {
        "branch" : "main",
        "revision" : "ccbf2fddb982267be28705b3dd8b29ee3c4d149e"
      }
    },
    {
      "identity" : "swift-json",
      "kind" : "remoteSourceControl",
      "location" : "https://github.com/FullStack-Swift/swift-json",
      "state" : {
        "branch" : "main",
        "revision" : "ac54806fd7e10587755ac5cfd802ae15ef6907d4"
      }
    },
    {
      "identity" : "swift-logger",
      "kind" : "remoteSourceControl",
      "location" : "https://github.com/FullStack-Swift/swift-logger",
      "state" : {
        "branch" : "main",
        "revision" : "12fda88a83ce0c373381e6eaa5db1c27b4dc2eaa"
      }
    },
    {
      "identity" : "swift-networking",
      "kind" : "remoteSourceControl",
      "location" : "https://github.com/FullStack-Swift/swift-networking",
      "state" : {
        "branch" : "main",
        "revision" : "481eac1d78c7c8d8111788b4fdccc27ceabe5138"
      }
    },
    {
      "identity" : "swiftui-additions",
      "kind" : "remoteSourceControl",
      "location" : "https://github.com/FullStack-Swift/swiftui-additions",
      "state" : {
        "branch" : "main",
        "revision" : "9ea9f9e1614a834a9108483485b41e0f37e2b277"
      }
    },
    {
      "identity" : "swiftui-viewmodifier",
      "kind" : "remoteSourceControl",
      "location" : "https://github.com/FullStack-Swift/swiftui-viewModifier",
      "state" : {
        "branch" : "main",
        "revision" : "731540f6e4b7b4256a3b0b3f198072900ad5f11f"
      }
    }
  ],
  "version" : 2
}
