// !$*UTF8*$!
{
	archiveVersion = 1;
	classes = {
	};
	objectVersion = 56;
	objects = {

/* Begin PBXBuildFile section */
		87647C862A42C932009BD13F /* RecoilUseCaseStudiesView.swift in Sources */ = {isa = PBXBuildFile; fileRef = 87647C852A42C932009BD13F /* RecoilUseCaseStudiesView.swift */; };
		876C21B52A4023A600B980DA /* TCACaseStudiesView.swift in Sources */ = {isa = PBXBuildFile; fileRef = 876C21B42A4023A600B980DA /* TCACaseStudiesView.swift */; };
		87A974FE2A3AEB3900589EAE /* AtomCaseStudiesView.swift in Sources */ = {isa = PBXBuildFile; fileRef = 87A974FD2A3AEB3900589EAE /* AtomCaseStudiesView.swift */; };
		87ABACAC2A4D1BAE00545682 /* MVCTodoView.swift in Sources */ = {isa = PBXBuildFile; fileRef = 87ABACAB2A4D1BAE00545682 /* MVCTodoView.swift */; };
		87ABACAE2A4D1C2A00545682 /* MVVMTodoView.swift in Sources */ = {isa = PBXBuildFile; fileRef = 87ABACAD2A4D1C2A00545682 /* MVVMTodoView.swift */; };
		87DF96E02A39904F0006B774 /* CaseStudiesApp.swift in Sources */ = {isa = PBXBuildFile; fileRef = 87DF96DF2A39904F0006B774 /* CaseStudiesApp.swift */; };
		87DF96E22A39904F0006B774 /* ContentView.swift in Sources */ = {isa = PBXBuildFile; fileRef = 87DF96E12A39904F0006B774 /* ContentView.swift */; };
		87DF96E42A3990510006B774 /* Assets.xcassets in Resources */ = {isa = PBXBuildFile; fileRef = 87DF96E32A3990510006B774 /* Assets.xcassets */; };
		87DF96E82A3990510006B774 /* Preview Assets.xcassets in Resources */ = {isa = PBXBuildFile; fileRef = 87DF96E72A3990510006B774 /* Preview Assets.xcassets */; };
		87DF96EF2A3991060006B774 /* HookCaseStudiesView.swift in Sources */ = {isa = PBXBuildFile; fileRef = 87DF96EE2A3991060006B774 /* HookCaseStudiesView.swift */; };
		87DF96F22A3991C10006B774 /* ComposableArchitecture in Frameworks */ = {isa = PBXBuildFile; productRef = 87DF96F12A3991C10006B774 /* ComposableArchitecture */; };
		90ACBBB42A4B4EE10041D7E2 /* TCATodoView.swift in Sources */ = {isa = PBXBuildFile; fileRef = 90ACBBAF2A4B4EE10041D7E2 /* TCATodoView.swift */; };
		90ACBBB52A4B4EE10041D7E2 /* HookTodoView.swift in Sources */ = {isa = PBXBuildFile; fileRef = 90ACBBB02A4B4EE10041D7E2 /* HookTodoView.swift */; };
		90ACBBB62A4B4EE10041D7E2 /* RecoilTodoView.swift in Sources */ = {isa = PBXBuildFile; fileRef = 90ACBBB12A4B4EE10041D7E2 /* RecoilTodoView.swift */; };
		90ACBBB72A4B4EE10041D7E2 /* AtomTodoView.swift in Sources */ = {isa = PBXBuildFile; fileRef = 90ACBBB22A4B4EE10041D7E2 /* AtomTodoView.swift */; };
		90ACBBB82A4B4EE10041D7E2 /* RiverpodTodoView.swift in Sources */ = {isa = PBXBuildFile; fileRef = 90ACBBB32A4B4EE10041D7E2 /* RiverpodTodoView.swift */; };
		90FDE91D2A4B4D5A00342E0B /* RiverpodCaseStudiesView.swift in Sources */ = {isa = PBXBuildFile; fileRef = 90FDE91C2A4B4D5A00342E0B /* RiverpodCaseStudiesView.swift */; };
		EB132B422AE8AD0B002CC1DF /* HookLifecycleView.swift in Sources */ = {isa = PBXBuildFile; fileRef = EB132B412AE8AD0B002CC1DF /* HookLifecycleView.swift */; };
		EB132B442AE8AF48002CC1DF /* AboutView.swift in Sources */ = {isa = PBXBuildFile; fileRef = EB132B432AE8AF48002CC1DF /* AboutView.swift */; };
		EB132B462AE8C0F7002CC1DF /* HookUseCountDownView.swift in Sources */ = {isa = PBXBuildFile; fileRef = EB132B452AE8C0F7002CC1DF /* HookUseCountDownView.swift */; };
		EB132B482AE8EB56002CC1DF /* HookUseInitalAndDisposeView.swift in Sources */ = {isa = PBXBuildFile; fileRef = EB132B472AE8EB56002CC1DF /* HookUseInitalAndDisposeView.swift */; };
		EB132B4A2AE8F775002CC1DF /* HookLoadMoreView.swift in Sources */ = {isa = PBXBuildFile; fileRef = EB132B492AE8F775002CC1DF /* HookLoadMoreView.swift */; };
		EB467EC42AEB991300177A77 /* HookUseDateView.swift in Sources */ = {isa = PBXBuildFile; fileRef = EB467EC32AEB991300177A77 /* HookUseDateView.swift */; };
		EB4867332B4E6B9600383023 /* AtomCountDownView.swift in Sources */ = {isa = PBXBuildFile; fileRef = EB4867322B4E6B9600383023 /* AtomCountDownView.swift */; };
		EB4BAB8D2B4697A000573741 /* AtomLoadMoreView.swift in Sources */ = {isa = PBXBuildFile; fileRef = EB4BAB8C2B4697A000573741 /* AtomLoadMoreView.swift */; };
		EB5B50F12AF376FE0018BF84 /* NavigationStackBackport in Frameworks */ = {isa = PBXBuildFile; productRef = EB5B50F02AF376FE0018BF84 /* NavigationStackBackport */; };
		EB5B50F32AF37CC00018BF84 /* SwiftExt in Frameworks */ = {isa = PBXBuildFile; productRef = EB5B50F22AF37CC00018BF84 /* SwiftExt */; };
		EB63B2EE2B69FA2A00D791F6 /* JotailAtomView.swift in Sources */ = {isa = PBXBuildFile; fileRef = EB63B2ED2B69FA2A00D791F6 /* JotailAtomView.swift */; };
		EB92CD102A5C1705007640AF /* RecoilUseCaseStudies2View.swift in Sources */ = {isa = PBXBuildFile; fileRef = EB92CD0F2A5C1705007640AF /* RecoilUseCaseStudies2View.swift */; };
		EBB036E82A7A2F1D0091B953 /* OnlineHookTodoView.swift in Sources */ = {isa = PBXBuildFile; fileRef = EBB036E72A7A2F1D0091B953 /* OnlineHookTodoView.swift */; };
		EBB036EA2A7A2F330091B953 /* OnlineJotailTodoView.swift in Sources */ = {isa = PBXBuildFile; fileRef = EBB036E92A7A2F330091B953 /* OnlineJotailTodoView.swift */; };
		EBB036EC2A7A2F410091B953 /* OnlineAtomTodoView.swift in Sources */ = {isa = PBXBuildFile; fileRef = EBB036EB2A7A2F410091B953 /* OnlineAtomTodoView.swift */; };
		EBB036EE2A7A2F4F0091B953 /* OnlineRiverpodTodoview.swift in Sources */ = {isa = PBXBuildFile; fileRef = EBB036ED2A7A2F4F0091B953 /* OnlineRiverpodTodoview.swift */; };
		EBB036F02A7B8F180091B953 /* ReduxTodoView.swift in Sources */ = {isa = PBXBuildFile; fileRef = EBB036EF2A7B8F180091B953 /* ReduxTodoView.swift */; };
		EBB036F22A7B9ECB0091B953 /* JotaiCaseStudiesView.swift in Sources */ = {isa = PBXBuildFile; fileRef = EBB036F12A7B9ECB0091B953 /* JotaiCaseStudiesView.swift */; };
		EBB036F42A7BA06B0091B953 /* VIPTodoView.swift in Sources */ = {isa = PBXBuildFile; fileRef = EBB036F32A7BA06B0091B953 /* VIPTodoView.swift */; };
		EBB20DF42B5F96B100F5E885 /* HookUseOnChangedExtView.swift in Sources */ = {isa = PBXBuildFile; fileRef = EBB20DF32B5F96B100F5E885 /* HookUseOnChangedExtView.swift */; };
		EBB20DF82B5FBF2500F5E885 /* CounterRiverpodView.swift in Sources */ = {isa = PBXBuildFile; fileRef = EBB20DF72B5FBF2500F5E885 /* CounterRiverpodView.swift */; };
		EBBC4A412A6A930B0052FD1F /* APIRequestPage.swift in Sources */ = {isa = PBXBuildFile; fileRef = EBBC4A402A6A930B0052FD1F /* APIRequestPage.swift */; };
		EBBD465E2B26A2A3005A4790 /* HookUseValueChangedView.swift in Sources */ = {isa = PBXBuildFile; fileRef = EBBD465D2B26A2A3005A4790 /* HookUseValueChangedView.swift */; };
		EBC0590A2B43B3DA00F97044 /* AtomLocalViewContextView.swift in Sources */ = {isa = PBXBuildFile; fileRef = EBC059092B43B3DA00F97044 /* AtomLocalViewContextView.swift */; };
		EBC0590C2B43F72000F97044 /* RecoilPropertyWrapperView.swift in Sources */ = {isa = PBXBuildFile; fileRef = EBC0590B2B43F72000F97044 /* RecoilPropertyWrapperView.swift */; };
		EBDA41742AAEAD2B00B6CC68 /* SwiftUI++.swift in Sources */ = {isa = PBXBuildFile; fileRef = EBDA41732AAEAD2B00B6CC68 /* SwiftUI++.swift */; };
		EBDCE14B2AF0E531008AF97D /* HookUseNetworkStateView.swift in Sources */ = {isa = PBXBuildFile; fileRef = EBDCE14A2AF0E531008AF97D /* HookUseNetworkStateView.swift */; };
		EBDCE14D2AF0E571008AF97D /* HookUseMemoView.swift in Sources */ = {isa = PBXBuildFile; fileRef = EBDCE14C2AF0E571008AF97D /* HookUseMemoView.swift */; };
		EBDCE14F2AF0E599008AF97D /* HookUseAsyncView.swift in Sources */ = {isa = PBXBuildFile; fileRef = EBDCE14E2AF0E599008AF97D /* HookUseAsyncView.swift */; };
		EBDCE1512AF0E5E2008AF97D /* HookUseEnvironmentView.swift in Sources */ = {isa = PBXBuildFile; fileRef = EBDCE1502AF0E5E2008AF97D /* HookUseEnvironmentView.swift */; };
		EBDCE1532AF0E608008AF97D /* HookUseStateView.swift in Sources */ = {isa = PBXBuildFile; fileRef = EBDCE1522AF0E608008AF97D /* HookUseStateView.swift */; };
		EBDCE1562AF229A0008AF97D /* UIComponentView.swift in Sources */ = {isa = PBXBuildFile; fileRef = EBDCE1552AF229A0008AF97D /* UIComponentView.swift */; };
		EBE6FBB52AD78CE700889483 /* ArchitectureExt in Frameworks */ = {isa = PBXBuildFile; productRef = EBE6FBB42AD78CE700889483 /* ArchitectureExt */; };
		EBF60EC32A777EB8001E34D3 /* JotailTodoView.swift in Sources */ = {isa = PBXBuildFile; fileRef = EBF60EC22A777EB8001E34D3 /* JotailTodoView.swift */; };
		EBF60EC72A778D9C001E34D3 /* CombineRequest in Frameworks */ = {isa = PBXBuildFile; productRef = EBF60EC62A778D9C001E34D3 /* CombineRequest */; };
		EBF60EC92A778D9C001E34D3 /* CombineSocketIO in Frameworks */ = {isa = PBXBuildFile; productRef = EBF60EC82A778D9C001E34D3 /* CombineSocketIO */; };
		EBF60ECB2A778D9C001E34D3 /* CombineWebSocket in Frameworks */ = {isa = PBXBuildFile; productRef = EBF60ECA2A778D9C001E34D3 /* CombineWebSocket */; };
		EBF60ED42A77A15F001E34D3 /* OnlineRecoilTodoView.swift in Sources */ = {isa = PBXBuildFile; fileRef = EBF60ED32A77A15F001E34D3 /* OnlineRecoilTodoView.swift */; };
/* End PBXBuildFile section */

/* Begin PBXFileReference section */
		87647C852A42C932009BD13F /* RecoilUseCaseStudiesView.swift */ = {isa = PBXFileReference; lastKnownFileType = sourcecode.swift; path = RecoilUseCaseStudiesView.swift; sourceTree = "<group>"; };
		876C21B42A4023A600B980DA /* TCACaseStudiesView.swift */ = {isa = PBXFileReference; lastKnownFileType = sourcecode.swift; path = TCACaseStudiesView.swift; sourceTree = "<group>"; };
		87A974FD2A3AEB3900589EAE /* AtomCaseStudiesView.swift */ = {isa = PBXFileReference; lastKnownFileType = sourcecode.swift; path = AtomCaseStudiesView.swift; sourceTree = "<group>"; };
		87ABACAB2A4D1BAE00545682 /* MVCTodoView.swift */ = {isa = PBXFileReference; lastKnownFileType = sourcecode.swift; path = MVCTodoView.swift; sourceTree = "<group>"; };
		87ABACAD2A4D1C2A00545682 /* MVVMTodoView.swift */ = {isa = PBXFileReference; lastKnownFileType = sourcecode.swift; path = MVVMTodoView.swift; sourceTree = "<group>"; };
		87DF96DC2A39904F0006B774 /* CaseStudies.app */ = {isa = PBXFileReference; explicitFileType = wrapper.application; includeInIndex = 0; path = CaseStudies.app; sourceTree = BUILT_PRODUCTS_DIR; };
		87DF96DF2A39904F0006B774 /* CaseStudiesApp.swift */ = {isa = PBXFileReference; lastKnownFileType = sourcecode.swift; path = CaseStudiesApp.swift; sourceTree = "<group>"; };
		87DF96E12A39904F0006B774 /* ContentView.swift */ = {isa = PBXFileReference; lastKnownFileType = sourcecode.swift; path = ContentView.swift; sourceTree = "<group>"; };
		87DF96E32A3990510006B774 /* Assets.xcassets */ = {isa = PBXFileReference; lastKnownFileType = folder.assetcatalog; path = Assets.xcassets; sourceTree = "<group>"; };
		87DF96E52A3990510006B774 /* CaseStudies.entitlements */ = {isa = PBXFileReference; lastKnownFileType = text.plist.entitlements; path = CaseStudies.entitlements; sourceTree = "<group>"; };
		87DF96E72A3990510006B774 /* Preview Assets.xcassets */ = {isa = PBXFileReference; lastKnownFileType = folder.assetcatalog; path = "Preview Assets.xcassets"; sourceTree = "<group>"; };
		87DF96EE2A3991060006B774 /* HookCaseStudiesView.swift */ = {isa = PBXFileReference; lastKnownFileType = sourcecode.swift; path = HookCaseStudiesView.swift; sourceTree = "<group>"; };
		90ACBBAF2A4B4EE10041D7E2 /* TCATodoView.swift */ = {isa = PBXFileReference; fileEncoding = 4; lastKnownFileType = sourcecode.swift; path = TCATodoView.swift; sourceTree = "<group>"; };
		90ACBBB02A4B4EE10041D7E2 /* HookTodoView.swift */ = {isa = PBXFileReference; fileEncoding = 4; lastKnownFileType = sourcecode.swift; path = HookTodoView.swift; sourceTree = "<group>"; };
		90ACBBB12A4B4EE10041D7E2 /* RecoilTodoView.swift */ = {isa = PBXFileReference; fileEncoding = 4; lastKnownFileType = sourcecode.swift; path = RecoilTodoView.swift; sourceTree = "<group>"; };
		90ACBBB22A4B4EE10041D7E2 /* AtomTodoView.swift */ = {isa = PBXFileReference; fileEncoding = 4; lastKnownFileType = sourcecode.swift; path = AtomTodoView.swift; sourceTree = "<group>"; };
		90ACBBB32A4B4EE10041D7E2 /* RiverpodTodoView.swift */ = {isa = PBXFileReference; fileEncoding = 4; lastKnownFileType = sourcecode.swift; path = RiverpodTodoView.swift; sourceTree = "<group>"; };
		90FDE91C2A4B4D5A00342E0B /* RiverpodCaseStudiesView.swift */ = {isa = PBXFileReference; lastKnownFileType = sourcecode.swift; path = RiverpodCaseStudiesView.swift; sourceTree = "<group>"; };
		EB132B412AE8AD0B002CC1DF /* HookLifecycleView.swift */ = {isa = PBXFileReference; lastKnownFileType = sourcecode.swift; path = HookLifecycleView.swift; sourceTree = "<group>"; };
		EB132B432AE8AF48002CC1DF /* AboutView.swift */ = {isa = PBXFileReference; lastKnownFileType = sourcecode.swift; path = AboutView.swift; sourceTree = "<group>"; };
		EB132B452AE8C0F7002CC1DF /* HookUseCountDownView.swift */ = {isa = PBXFileReference; lastKnownFileType = sourcecode.swift; path = HookUseCountDownView.swift; sourceTree = "<group>"; };
		EB132B472AE8EB56002CC1DF /* HookUseInitalAndDisposeView.swift */ = {isa = PBXFileReference; lastKnownFileType = sourcecode.swift; path = HookUseInitalAndDisposeView.swift; sourceTree = "<group>"; };
		EB132B492AE8F775002CC1DF /* HookLoadMoreView.swift */ = {isa = PBXFileReference; lastKnownFileType = sourcecode.swift; path = HookLoadMoreView.swift; sourceTree = "<group>"; };
		EB467EC32AEB991300177A77 /* HookUseDateView.swift */ = {isa = PBXFileReference; lastKnownFileType = sourcecode.swift; path = HookUseDateView.swift; sourceTree = "<group>"; };
		EB4867322B4E6B9600383023 /* AtomCountDownView.swift */ = {isa = PBXFileReference; lastKnownFileType = sourcecode.swift; path = AtomCountDownView.swift; sourceTree = "<group>"; };
		EB4BAB8C2B4697A000573741 /* AtomLoadMoreView.swift */ = {isa = PBXFileReference; lastKnownFileType = sourcecode.swift; path = AtomLoadMoreView.swift; sourceTree = "<group>"; };
		EB63B2ED2B69FA2A00D791F6 /* JotailAtomView.swift */ = {isa = PBXFileReference; lastKnownFileType = sourcecode.swift; path = JotailAtomView.swift; sourceTree = "<group>"; };
		EB92CD0F2A5C1705007640AF /* RecoilUseCaseStudies2View.swift */ = {isa = PBXFileReference; lastKnownFileType = sourcecode.swift; path = RecoilUseCaseStudies2View.swift; sourceTree = "<group>"; };
		EBB036E72A7A2F1D0091B953 /* OnlineHookTodoView.swift */ = {isa = PBXFileReference; lastKnownFileType = sourcecode.swift; path = OnlineHookTodoView.swift; sourceTree = "<group>"; };
		EBB036E92A7A2F330091B953 /* OnlineJotailTodoView.swift */ = {isa = PBXFileReference; lastKnownFileType = sourcecode.swift; path = OnlineJotailTodoView.swift; sourceTree = "<group>"; };
		EBB036EB2A7A2F410091B953 /* OnlineAtomTodoView.swift */ = {isa = PBXFileReference; lastKnownFileType = sourcecode.swift; path = OnlineAtomTodoView.swift; sourceTree = "<group>"; };
		EBB036ED2A7A2F4F0091B953 /* OnlineRiverpodTodoview.swift */ = {isa = PBXFileReference; lastKnownFileType = sourcecode.swift; path = OnlineRiverpodTodoview.swift; sourceTree = "<group>"; };
		EBB036EF2A7B8F180091B953 /* ReduxTodoView.swift */ = {isa = PBXFileReference; lastKnownFileType = sourcecode.swift; path = ReduxTodoView.swift; sourceTree = "<group>"; };
		EBB036F12A7B9ECB0091B953 /* JotaiCaseStudiesView.swift */ = {isa = PBXFileReference; lastKnownFileType = sourcecode.swift; path = JotaiCaseStudiesView.swift; sourceTree = "<group>"; };
		EBB036F32A7BA06B0091B953 /* VIPTodoView.swift */ = {isa = PBXFileReference; lastKnownFileType = sourcecode.swift; path = VIPTodoView.swift; sourceTree = "<group>"; };
		EBB20DF32B5F96B100F5E885 /* HookUseOnChangedExtView.swift */ = {isa = PBXFileReference; lastKnownFileType = sourcecode.swift; path = HookUseOnChangedExtView.swift; sourceTree = "<group>"; };
		EBB20DF72B5FBF2500F5E885 /* CounterRiverpodView.swift */ = {isa = PBXFileReference; lastKnownFileType = sourcecode.swift; path = CounterRiverpodView.swift; sourceTree = "<group>"; };
		EBBC4A402A6A930B0052FD1F /* APIRequestPage.swift */ = {isa = PBXFileReference; lastKnownFileType = sourcecode.swift; path = APIRequestPage.swift; sourceTree = "<group>"; };
		EBBD465D2B26A2A3005A4790 /* HookUseValueChangedView.swift */ = {isa = PBXFileReference; lastKnownFileType = sourcecode.swift; path = HookUseValueChangedView.swift; sourceTree = "<group>"; };
		EBC059092B43B3DA00F97044 /* AtomLocalViewContextView.swift */ = {isa = PBXFileReference; lastKnownFileType = sourcecode.swift; path = AtomLocalViewContextView.swift; sourceTree = "<group>"; };
		EBC0590B2B43F72000F97044 /* RecoilPropertyWrapperView.swift */ = {isa = PBXFileReference; lastKnownFileType = sourcecode.swift; path = RecoilPropertyWrapperView.swift; sourceTree = "<group>"; };
		EBDA41732AAEAD2B00B6CC68 /* SwiftUI++.swift */ = {isa = PBXFileReference; lastKnownFileType = sourcecode.swift; path = "SwiftUI++.swift"; sourceTree = "<group>"; };
		EBDCE14A2AF0E531008AF97D /* HookUseNetworkStateView.swift */ = {isa = PBXFileReference; lastKnownFileType = sourcecode.swift; path = HookUseNetworkStateView.swift; sourceTree = "<group>"; };
		EBDCE14C2AF0E571008AF97D /* HookUseMemoView.swift */ = {isa = PBXFileReference; lastKnownFileType = sourcecode.swift; path = HookUseMemoView.swift; sourceTree = "<group>"; };
		EBDCE14E2AF0E599008AF97D /* HookUseAsyncView.swift */ = {isa = PBXFileReference; lastKnownFileType = sourcecode.swift; path = HookUseAsyncView.swift; sourceTree = "<group>"; };
		EBDCE1502AF0E5E2008AF97D /* HookUseEnvironmentView.swift */ = {isa = PBXFileReference; lastKnownFileType = sourcecode.swift; path = HookUseEnvironmentView.swift; sourceTree = "<group>"; };
		EBDCE1522AF0E608008AF97D /* HookUseStateView.swift */ = {isa = PBXFileReference; lastKnownFileType = sourcecode.swift; path = HookUseStateView.swift; sourceTree = "<group>"; };
		EBDCE1552AF229A0008AF97D /* UIComponentView.swift */ = {isa = PBXFileReference; lastKnownFileType = sourcecode.swift; path = UIComponentView.swift; sourceTree = "<group>"; };
		EBF60EC22A777EB8001E34D3 /* JotailTodoView.swift */ = {isa = PBXFileReference; lastKnownFileType = sourcecode.swift; path = JotailTodoView.swift; sourceTree = "<group>"; };
		EBF60ED32A77A15F001E34D3 /* OnlineRecoilTodoView.swift */ = {isa = PBXFileReference; lastKnownFileType = sourcecode.swift; path = OnlineRecoilTodoView.swift; sourceTree = "<group>"; };
		EBF60ED52A77A407001E34D3 /* Info.plist */ = {isa = PBXFileReference; lastKnownFileType = text.plist; path = Info.plist; sourceTree = "<group>"; };
/* End PBXFileReference section */

/* Begin PBXFrameworksBuildPhase section */
		87DF96D92A39904F0006B774 /* Frameworks */ = {
			isa = PBXFrameworksBuildPhase;
			buildActionMask = 2147483647;
			files = (
				EBF60EC72A778D9C001E34D3 /* CombineRequest in Frameworks */,
				EB5B50F32AF37CC00018BF84 /* SwiftExt in Frameworks */,
				EB5B50F12AF376FE0018BF84 /* NavigationStackBackport in Frameworks */,
				EBF60ECB2A778D9C001E34D3 /* CombineWebSocket in Frameworks */,
				EBE6FBB52AD78CE700889483 /* ArchitectureExt in Frameworks */,
				87DF96F22A3991C10006B774 /* ComposableArchitecture in Frameworks */,
				EBF60EC92A778D9C001E34D3 /* CombineSocketIO in Frameworks */,
			);
			runOnlyForDeploymentPostprocessing = 0;
		};
/* End PBXFrameworksBuildPhase section */

/* Begin PBXGroup section */
		87ABACAF2A4D1C3F00545682 /* Architecture */ = {
			isa = PBXGroup;
			children = (
				90ACBBAF2A4B4EE10041D7E2 /* TCATodoView.swift */,
				87ABACAB2A4D1BAE00545682 /* MVCTodoView.swift */,
				87ABACAD2A4D1C2A00545682 /* MVVMTodoView.swift */,
				EBB036EF2A7B8F180091B953 /* ReduxTodoView.swift */,
				EBB036F32A7BA06B0091B953 /* VIPTodoView.swift */,
			);
			path = Architecture;
			sourceTree = "<group>";
		};
		87DF96D32A39904F0006B774 = {
			isa = PBXGroup;
			children = (
				87DF96DE2A39904F0006B774 /* CaseStudies */,
				87DF96DD2A39904F0006B774 /* Products */,
				87DF96F02A3991C10006B774 /* Frameworks */,
			);
			sourceTree = "<group>";
		};
		87DF96DD2A39904F0006B774 /* Products */ = {
			isa = PBXGroup;
			children = (
				87DF96DC2A39904F0006B774 /* CaseStudies.app */,
			);
			name = Products;
			sourceTree = "<group>";
		};
		87DF96DE2A39904F0006B774 /* CaseStudies */ = {
			isa = PBXGroup;
			children = (
				EBF60ED52A77A407001E34D3 /* Info.plist */,
				90ACBBAE2A4B4EE10041D7E2 /* App_Todos */,
				90FDE91F2A4B4DBD00342E0B /* App_CaseStudies */,
				87DF96DF2A39904F0006B774 /* CaseStudiesApp.swift */,
				87DF96E12A39904F0006B774 /* ContentView.swift */,
				87DF96E32A3990510006B774 /* Assets.xcassets */,
				87DF96E52A3990510006B774 /* CaseStudies.entitlements */,
				87DF96E62A3990510006B774 /* Preview Content */,
				EB132B432AE8AF48002CC1DF /* AboutView.swift */,
			);
			path = CaseStudies;
			sourceTree = "<group>";
		};
		87DF96E62A3990510006B774 /* Preview Content */ = {
			isa = PBXGroup;
			children = (
				87DF96E72A3990510006B774 /* Preview Assets.xcassets */,
			);
			path = "Preview Content";
			sourceTree = "<group>";
		};
		87DF96F02A3991C10006B774 /* Frameworks */ = {
			isa = PBXGroup;
			children = (
			);
			name = Frameworks;
			sourceTree = "<group>";
		};
		90ACBBAE2A4B4EE10041D7E2 /* App_Todos */ = {
			isa = PBXGroup;
			children = (
				87ABACAF2A4D1C3F00545682 /* Architecture */,
				EBF60EC42A778A14001E34D3 /* Components */,
				EBBC4A3F2A6A92FD0052FD1F /* Examples */,
			);
			path = App_Todos;
			sourceTree = "<group>";
		};
		90FDE91F2A4B4DBD00342E0B /* App_CaseStudies */ = {
			isa = PBXGroup;
			children = (
				EB63B2E92B69D9F100D791F6 /* JotailCaseStudies */,
				EBB20DF52B5FBEE100F5E885 /* RiverpodCaseStudies */,
				EBC059082B43B3BB00F97044 /* AtomCaseStudies */,
				EBC059062B43B31D00F97044 /* RecoilCaseStudies */,
				EB132B402AE8ACC0002CC1DF /* HookCaseStudies */,
				876C21B42A4023A600B980DA /* TCACaseStudiesView.swift */,
				87DF96EE2A3991060006B774 /* HookCaseStudiesView.swift */,
				87A974FD2A3AEB3900589EAE /* AtomCaseStudiesView.swift */,
				87647C852A42C932009BD13F /* RecoilUseCaseStudiesView.swift */,
				90FDE91C2A4B4D5A00342E0B /* RiverpodCaseStudiesView.swift */,
				EB92CD0F2A5C1705007640AF /* RecoilUseCaseStudies2View.swift */,
				EBB036F12A7B9ECB0091B953 /* JotaiCaseStudiesView.swift */,
				EBDA41732AAEAD2B00B6CC68 /* SwiftUI++.swift */,
			);
			path = App_CaseStudies;
			sourceTree = "<group>";
		};
		EB132B402AE8ACC0002CC1DF /* HookCaseStudies */ = {
			isa = PBXGroup;
			children = (
				EB132B412AE8AD0B002CC1DF /* HookLifecycleView.swift */,
				EB132B452AE8C0F7002CC1DF /* HookUseCountDownView.swift */,
				EB132B472AE8EB56002CC1DF /* HookUseInitalAndDisposeView.swift */,
				EB132B492AE8F775002CC1DF /* HookLoadMoreView.swift */,
				EB467EC32AEB991300177A77 /* HookUseDateView.swift */,
				EBDCE14A2AF0E531008AF97D /* HookUseNetworkStateView.swift */,
				EBDCE14C2AF0E571008AF97D /* HookUseMemoView.swift */,
				EBDCE14E2AF0E599008AF97D /* HookUseAsyncView.swift */,
				EBDCE1502AF0E5E2008AF97D /* HookUseEnvironmentView.swift */,
				EBDCE1522AF0E608008AF97D /* HookUseStateView.swift */,
				EBBD465D2B26A2A3005A4790 /* HookUseValueChangedView.swift */,
				EBB20DF32B5F96B100F5E885 /* HookUseOnChangedExtView.swift */,
			);
			path = HookCaseStudies;
			sourceTree = "<group>";
		};
		EB63B2E92B69D9F100D791F6 /* JotailCaseStudies */ = {
			isa = PBXGroup;
			children = (
				EB63B2ED2B69FA2A00D791F6 /* JotailAtomView.swift */,
			);
			path = JotailCaseStudies;
			sourceTree = "<group>";
		};
		EBB036E62A7A2E420091B953 /* Onlines */ = {
			isa = PBXGroup;
			children = (
				EBB036E72A7A2F1D0091B953 /* OnlineHookTodoView.swift */,
				EBB036E92A7A2F330091B953 /* OnlineJotailTodoView.swift */,
				EBF60ED32A77A15F001E34D3 /* OnlineRecoilTodoView.swift */,
				EBB036EB2A7A2F410091B953 /* OnlineAtomTodoView.swift */,
				EBB036ED2A7A2F4F0091B953 /* OnlineRiverpodTodoview.swift */,
			);
			path = Onlines;
			sourceTree = "<group>";
		};
		EBB20DF52B5FBEE100F5E885 /* RiverpodCaseStudies */ = {
			isa = PBXGroup;
			children = (
				EBB20DF72B5FBF2500F5E885 /* CounterRiverpodView.swift */,
			);
			path = RiverpodCaseStudies;
			sourceTree = "<group>";
		};
		EBBC4A3F2A6A92FD0052FD1F /* Examples */ = {
			isa = PBXGroup;
			children = (
				EBBC4A402A6A930B0052FD1F /* APIRequestPage.swift */,
				EBDCE1552AF229A0008AF97D /* UIComponentView.swift */,
			);
			path = Examples;
			sourceTree = "<group>";
		};
		EBC059062B43B31D00F97044 /* RecoilCaseStudies */ = {
			isa = PBXGroup;
			children = (
				EBC0590B2B43F72000F97044 /* RecoilPropertyWrapperView.swift */,
			);
			path = RecoilCaseStudies;
			sourceTree = "<group>";
		};
		EBC059082B43B3BB00F97044 /* AtomCaseStudies */ = {
			isa = PBXGroup;
			children = (
				EBC059092B43B3DA00F97044 /* AtomLocalViewContextView.swift */,
				EB4BAB8C2B4697A000573741 /* AtomLoadMoreView.swift */,
				EB4867322B4E6B9600383023 /* AtomCountDownView.swift */,
			);
			path = AtomCaseStudies;
			sourceTree = "<group>";
		};
		EBF60EC42A778A14001E34D3 /* Components */ = {
			isa = PBXGroup;
			children = (
				EBB036E62A7A2E420091B953 /* Onlines */,
				90ACBBB02A4B4EE10041D7E2 /* HookTodoView.swift */,
				EBF60EC22A777EB8001E34D3 /* JotailTodoView.swift */,
				90ACBBB12A4B4EE10041D7E2 /* RecoilTodoView.swift */,
				90ACBBB22A4B4EE10041D7E2 /* AtomTodoView.swift */,
				90ACBBB32A4B4EE10041D7E2 /* RiverpodTodoView.swift */,
			);
			path = Components;
			sourceTree = "<group>";
		};
/* End PBXGroup section */

/* Begin PBXNativeTarget section */
		87DF96DB2A39904F0006B774 /* CaseStudies */ = {
			isa = PBXNativeTarget;
			buildConfigurationList = 87DF96EB2A3990510006B774 /* Build configuration list for PBXNativeTarget "CaseStudies" */;
			buildPhases = (
				87DF96D82A39904F0006B774 /* Sources */,
				87DF96D92A39904F0006B774 /* Frameworks */,
				87DF96DA2A39904F0006B774 /* Resources */,
			);
			buildRules = (
			);
			dependencies = (
			);
			name = CaseStudies;
			packageProductDependencies = (
				87DF96F12A3991C10006B774 /* ComposableArchitecture */,
				EBF60EC62A778D9C001E34D3 /* CombineRequest */,
				EBF60EC82A778D9C001E34D3 /* CombineSocketIO */,
				EBF60ECA2A778D9C001E34D3 /* CombineWebSocket */,
				EBE6FBB42AD78CE700889483 /* ArchitectureExt */,
				EB5B50F02AF376FE0018BF84 /* NavigationStackBackport */,
				EB5B50F22AF37CC00018BF84 /* SwiftExt */,
			);
			productName = CaseStudies;
			productReference = 87DF96DC2A39904F0006B774 /* CaseStudies.app */;
			productType = "com.apple.product-type.application";
		};
/* End PBXNativeTarget section */

/* Begin PBXProject section */
		87DF96D42A39904F0006B774 /* Project object */ = {
			isa = PBXProject;
			attributes = {
				BuildIndependentTargetsInParallel = 1;
				LastSwiftUpdateCheck = 1430;
				LastUpgradeCheck = 1510;
				TargetAttributes = {
					87DF96DB2A39904F0006B774 = {
						CreatedOnToolsVersion = 14.3.1;
					};
				};
			};
			buildConfigurationList = 87DF96D72A39904F0006B774 /* Build configuration list for PBXProject "CaseStudies" */;
			compatibilityVersion = "Xcode 14.0";
			developmentRegion = en;
			hasScannedForEncodings = 0;
			knownRegions = (
				en,
				Base,
			);
			mainGroup = 87DF96D32A39904F0006B774;
			packageReferences = (
				EBF60EC52A778D9C001E34D3 /* XCRemoteSwiftPackageReference "swift-networking" */,
				EB5B50EF2AF376FE0018BF84 /* XCRemoteSwiftPackageReference "navigation-stack-backport" */,
			);
			productRefGroup = 87DF96DD2A39904F0006B774 /* Products */;
			projectDirPath = "";
			projectRoot = "";
			targets = (
				87DF96DB2A39904F0006B774 /* CaseStudies */,
			);
		};
/* End PBXProject section */

/* Begin PBXResourcesBuildPhase section */
		87DF96DA2A39904F0006B774 /* Resources */ = {
			isa = PBXResourcesBuildPhase;
			buildActionMask = 2147483647;
			files = (
				87DF96E82A3990510006B774 /* Preview Assets.xcassets in Resources */,
				87DF96E42A3990510006B774 /* Assets.xcassets in Resources */,
			);
			runOnlyForDeploymentPostprocessing = 0;
		};
/* End PBXResourcesBuildPhase section */

/* Begin PBXSourcesBuildPhase section */
		87DF96D82A39904F0006B774 /* Sources */ = {
			isa = PBXSourcesBuildPhase;
			buildActionMask = 2147483647;
			files = (
				EB132B482AE8EB56002CC1DF /* HookUseInitalAndDisposeView.swift in Sources */,
				EBDCE14D2AF0E571008AF97D /* HookUseMemoView.swift in Sources */,
				90ACBBB52A4B4EE10041D7E2 /* HookTodoView.swift in Sources */,
				87DF96E22A39904F0006B774 /* ContentView.swift in Sources */,
				EBB036F02A7B8F180091B953 /* ReduxTodoView.swift in Sources */,
				EBB036EC2A7A2F410091B953 /* OnlineAtomTodoView.swift in Sources */,
				EBB036F22A7B9ECB0091B953 /* JotaiCaseStudiesView.swift in Sources */,
				87ABACAC2A4D1BAE00545682 /* MVCTodoView.swift in Sources */,
				EB467EC42AEB991300177A77 /* HookUseDateView.swift in Sources */,
				EB132B462AE8C0F7002CC1DF /* HookUseCountDownView.swift in Sources */,
				EBB036E82A7A2F1D0091B953 /* OnlineHookTodoView.swift in Sources */,
				EBF60EC32A777EB8001E34D3 /* JotailTodoView.swift in Sources */,
				EB132B442AE8AF48002CC1DF /* AboutView.swift in Sources */,
				EBBD465E2B26A2A3005A4790 /* HookUseValueChangedView.swift in Sources */,
				EBDCE1532AF0E608008AF97D /* HookUseStateView.swift in Sources */,
				EBB036EE2A7A2F4F0091B953 /* OnlineRiverpodTodoview.swift in Sources */,
				90FDE91D2A4B4D5A00342E0B /* RiverpodCaseStudiesView.swift in Sources */,
				EBDCE1562AF229A0008AF97D /* UIComponentView.swift in Sources */,
				87A974FE2A3AEB3900589EAE /* AtomCaseStudiesView.swift in Sources */,
				87647C862A42C932009BD13F /* RecoilUseCaseStudiesView.swift in Sources */,
				90ACBBB82A4B4EE10041D7E2 /* RiverpodTodoView.swift in Sources */,
				EBC0590C2B43F72000F97044 /* RecoilPropertyWrapperView.swift in Sources */,
				EBDCE14B2AF0E531008AF97D /* HookUseNetworkStateView.swift in Sources */,
				EB132B4A2AE8F775002CC1DF /* HookLoadMoreView.swift in Sources */,
				EBDA41742AAEAD2B00B6CC68 /* SwiftUI++.swift in Sources */,
				87DF96EF2A3991060006B774 /* HookCaseStudiesView.swift in Sources */,
				EBF60ED42A77A15F001E34D3 /* OnlineRecoilTodoView.swift in Sources */,
				90ACBBB62A4B4EE10041D7E2 /* RecoilTodoView.swift in Sources */,
				EB63B2EE2B69FA2A00D791F6 /* JotailAtomView.swift in Sources */,
				EBB036F42A7BA06B0091B953 /* VIPTodoView.swift in Sources */,
				EBB20DF82B5FBF2500F5E885 /* CounterRiverpodView.swift in Sources */,
				EBDCE1512AF0E5E2008AF97D /* HookUseEnvironmentView.swift in Sources */,
				90ACBBB72A4B4EE10041D7E2 /* AtomTodoView.swift in Sources */,
				87ABACAE2A4D1C2A00545682 /* MVVMTodoView.swift in Sources */,
				EBB036EA2A7A2F330091B953 /* OnlineJotailTodoView.swift in Sources */,
				EBB20DF42B5F96B100F5E885 /* HookUseOnChangedExtView.swift in Sources */,
				EBC0590A2B43B3DA00F97044 /* AtomLocalViewContextView.swift in Sources */,
				EB92CD102A5C1705007640AF /* RecoilUseCaseStudies2View.swift in Sources */,
				EB132B422AE8AD0B002CC1DF /* HookLifecycleView.swift in Sources */,
				90ACBBB42A4B4EE10041D7E2 /* TCATodoView.swift in Sources */,
				87DF96E02A39904F0006B774 /* CaseStudiesApp.swift in Sources */,
				EB4867332B4E6B9600383023 /* AtomCountDownView.swift in Sources */,
				EB4BAB8D2B4697A000573741 /* AtomLoadMoreView.swift in Sources */,
				EBDCE14F2AF0E599008AF97D /* HookUseAsyncView.swift in Sources */,
				876C21B52A4023A600B980DA /* TCACaseStudiesView.swift in Sources */,
				EBBC4A412A6A930B0052FD1F /* APIRequestPage.swift in Sources */,
			);
			runOnlyForDeploymentPostprocessing = 0;
		};
/* End PBXSourcesBuildPhase section */

/* Begin XCBuildConfiguration section */
		87DF96E92A3990510006B774 /* Debug */ = {
			isa = XCBuildConfiguration;
			buildSettings = {
				ALWAYS_SEARCH_USER_PATHS = NO;
				ASSETCATALOG_COMPILER_GENERATE_SWIFT_ASSET_SYMBOL_EXTENSIONS = YES;
				CLANG_ANALYZER_NONNULL = YES;
				CLANG_ANALYZER_NUMBER_OBJECT_CONVERSION = YES_AGGRESSIVE;
				CLANG_CXX_LANGUAGE_STANDARD = "gnu++20";
				CLANG_ENABLE_MODULES = YES;
				CLANG_ENABLE_OBJC_ARC = YES;
				CLANG_ENABLE_OBJC_WEAK = YES;
				CLANG_WARN_BLOCK_CAPTURE_AUTORELEASING = YES;
				CLANG_WARN_BOOL_CONVERSION = YES;
				CLANG_WARN_COMMA = YES;
				CLANG_WARN_CONSTANT_CONVERSION = YES;
				CLANG_WARN_DEPRECATED_OBJC_IMPLEMENTATIONS = YES;
				CLANG_WARN_DIRECT_OBJC_ISA_USAGE = YES_ERROR;
				CLANG_WARN_DOCUMENTATION_COMMENTS = YES;
				CLANG_WARN_EMPTY_BODY = YES;
				CLANG_WARN_ENUM_CONVERSION = YES;
				CLANG_WARN_INFINITE_RECURSION = YES;
				CLANG_WARN_INT_CONVERSION = YES;
				CLANG_WARN_NON_LITERAL_NULL_CONVERSION = YES;
				CLANG_WARN_OBJC_IMPLICIT_RETAIN_SELF = YES;
				CLANG_WARN_OBJC_LITERAL_CONVERSION = YES;
				CLANG_WARN_OBJC_ROOT_CLASS = YES_ERROR;
				CLANG_WARN_QUOTED_INCLUDE_IN_FRAMEWORK_HEADER = YES;
				CLANG_WARN_RANGE_LOOP_ANALYSIS = YES;
				CLANG_WARN_STRICT_PROTOTYPES = YES;
				CLANG_WARN_SUSPICIOUS_MOVE = YES;
				CLANG_WARN_UNGUARDED_AVAILABILITY = YES_AGGRESSIVE;
				CLANG_WARN_UNREACHABLE_CODE = YES;
				CLANG_WARN__DUPLICATE_METHOD_MATCH = YES;
				COPY_PHASE_STRIP = NO;
				DEAD_CODE_STRIPPING = YES;
				DEBUG_INFORMATION_FORMAT = dwarf;
				ENABLE_STRICT_OBJC_MSGSEND = YES;
				ENABLE_TESTABILITY = YES;
				ENABLE_USER_SCRIPT_SANDBOXING = YES;
				GCC_C_LANGUAGE_STANDARD = gnu11;
				GCC_DYNAMIC_NO_PIC = NO;
				GCC_NO_COMMON_BLOCKS = YES;
				GCC_OPTIMIZATION_LEVEL = 0;
				GCC_PREPROCESSOR_DEFINITIONS = (
					"DEBUG=1",
					"$(inherited)",
				);
				GCC_WARN_64_TO_32_BIT_CONVERSION = YES;
				GCC_WARN_ABOUT_RETURN_TYPE = YES_ERROR;
				GCC_WARN_UNDECLARED_SELECTOR = YES;
				GCC_WARN_UNINITIALIZED_AUTOS = YES_AGGRESSIVE;
				GCC_WARN_UNUSED_FUNCTION = YES;
				GCC_WARN_UNUSED_VARIABLE = YES;
				MTL_ENABLE_DEBUG_INFO = INCLUDE_SOURCE;
				MTL_FAST_MATH = YES;
				ONLY_ACTIVE_ARCH = YES;
				SWIFT_ACTIVE_COMPILATION_CONDITIONS = DEBUG;
				SWIFT_OPTIMIZATION_LEVEL = "-Onone";
			};
			name = Debug;
		};
		87DF96EA2A3990510006B774 /* Release */ = {
			isa = XCBuildConfiguration;
			buildSettings = {
				ALWAYS_SEARCH_USER_PATHS = NO;
				ASSETCATALOG_COMPILER_GENERATE_SWIFT_ASSET_SYMBOL_EXTENSIONS = YES;
				CLANG_ANALYZER_NONNULL = YES;
				CLANG_ANALYZER_NUMBER_OBJECT_CONVERSION = YES_AGGRESSIVE;
				CLANG_CXX_LANGUAGE_STANDARD = "gnu++20";
				CLANG_ENABLE_MODULES = YES;
				CLANG_ENABLE_OBJC_ARC = YES;
				CLANG_ENABLE_OBJC_WEAK = YES;
				CLANG_WARN_BLOCK_CAPTURE_AUTORELEASING = YES;
				CLANG_WARN_BOOL_CONVERSION = YES;
				CLANG_WARN_COMMA = YES;
				CLANG_WARN_CONSTANT_CONVERSION = YES;
				CLANG_WARN_DEPRECATED_OBJC_IMPLEMENTATIONS = YES;
				CLANG_WARN_DIRECT_OBJC_ISA_USAGE = YES_ERROR;
				CLANG_WARN_DOCUMENTATION_COMMENTS = YES;
				CLANG_WARN_EMPTY_BODY = YES;
				CLANG_WARN_ENUM_CONVERSION = YES;
				CLANG_WARN_INFINITE_RECURSION = YES;
				CLANG_WARN_INT_CONVERSION = YES;
				CLANG_WARN_NON_LITERAL_NULL_CONVERSION = YES;
				CLANG_WARN_OBJC_IMPLICIT_RETAIN_SELF = YES;
				CLANG_WARN_OBJC_LITERAL_CONVERSION = YES;
				CLANG_WARN_OBJC_ROOT_CLASS = YES_ERROR;
				CLANG_WARN_QUOTED_INCLUDE_IN_FRAMEWORK_HEADER = YES;
				CLANG_WARN_RANGE_LOOP_ANALYSIS = YES;
				CLANG_WARN_STRICT_PROTOTYPES = YES;
				CLANG_WARN_SUSPICIOUS_MOVE = YES;
				CLANG_WARN_UNGUARDED_AVAILABILITY = YES_AGGRESSIVE;
				CLANG_WARN_UNREACHABLE_CODE = YES;
				CLANG_WARN__DUPLICATE_METHOD_MATCH = YES;
				COPY_PHASE_STRIP = NO;
				DEAD_CODE_STRIPPING = YES;
				DEBUG_INFORMATION_FORMAT = "dwarf-with-dsym";
				ENABLE_NS_ASSERTIONS = NO;
				ENABLE_STRICT_OBJC_MSGSEND = YES;
				ENABLE_USER_SCRIPT_SANDBOXING = YES;
				GCC_C_LANGUAGE_STANDARD = gnu11;
				GCC_NO_COMMON_BLOCKS = YES;
				GCC_WARN_64_TO_32_BIT_CONVERSION = YES;
				GCC_WARN_ABOUT_RETURN_TYPE = YES_ERROR;
				GCC_WARN_UNDECLARED_SELECTOR = YES;
				GCC_WARN_UNINITIALIZED_AUTOS = YES_AGGRESSIVE;
				GCC_WARN_UNUSED_FUNCTION = YES;
				GCC_WARN_UNUSED_VARIABLE = YES;
				MTL_ENABLE_DEBUG_INFO = NO;
				MTL_FAST_MATH = YES;
				SWIFT_COMPILATION_MODE = wholemodule;
				SWIFT_OPTIMIZATION_LEVEL = "-O";
			};
			name = Release;
		};
		87DF96EC2A3990510006B774 /* Debug */ = {
			isa = XCBuildConfiguration;
			buildSettings = {
				ASSETCATALOG_COMPILER_APPICON_NAME = AppIcon;
				ASSETCATALOG_COMPILER_GLOBAL_ACCENT_COLOR_NAME = AccentColor;
				CODE_SIGN_ENTITLEMENTS = CaseStudies/CaseStudies.entitlements;
				CODE_SIGN_IDENTITY = "Apple Development";
				CODE_SIGN_STYLE = Automatic;
				CURRENT_PROJECT_VERSION = 1;
				DEAD_CODE_STRIPPING = YES;
				DEVELOPMENT_ASSET_PATHS = "\"CaseStudies/Preview Content\"";
				DEVELOPMENT_TEAM = VQ7XHLJJ2T;
				ENABLE_HARDENED_RUNTIME = YES;
				ENABLE_PREVIEWS = YES;
				GENERATE_INFOPLIST_FILE = YES;
				INFOPLIST_FILE = CaseStudies/Info.plist;
				"INFOPLIST_KEY_UIApplicationSceneManifest_Generation[sdk=iphoneos*]" = YES;
				"INFOPLIST_KEY_UIApplicationSceneManifest_Generation[sdk=iphonesimulator*]" = YES;
				"INFOPLIST_KEY_UIApplicationSupportsIndirectInputEvents[sdk=iphoneos*]" = YES;
				"INFOPLIST_KEY_UIApplicationSupportsIndirectInputEvents[sdk=iphonesimulator*]" = YES;
				"INFOPLIST_KEY_UILaunchScreen_Generation[sdk=iphoneos*]" = YES;
				"INFOPLIST_KEY_UILaunchScreen_Generation[sdk=iphonesimulator*]" = YES;
				"INFOPLIST_KEY_UIStatusBarStyle[sdk=iphoneos*]" = UIStatusBarStyleDefault;
				"INFOPLIST_KEY_UIStatusBarStyle[sdk=iphonesimulator*]" = UIStatusBarStyleDefault;
				INFOPLIST_KEY_UISupportedInterfaceOrientations_iPad = "UIInterfaceOrientationPortrait UIInterfaceOrientationPortraitUpsideDown UIInterfaceOrientationLandscapeLeft UIInterfaceOrientationLandscapeRight";
				INFOPLIST_KEY_UISupportedInterfaceOrientations_iPhone = "UIInterfaceOrientationPortrait UIInterfaceOrientationLandscapeLeft UIInterfaceOrientationLandscapeRight";
				IPHONEOS_DEPLOYMENT_TARGET = 16.4;
				LD_RUNPATH_SEARCH_PATHS = "@executable_path/Frameworks";
				"LD_RUNPATH_SEARCH_PATHS[sdk=macosx*]" = "@executable_path/../Frameworks";
				MACOSX_DEPLOYMENT_TARGET = 13.1;
				MARKETING_VERSION = 1.0;
				PRODUCT_BUNDLE_IDENTIFIER = vapor.mikepackard.CodeDemo;
				PRODUCT_NAME = "$(TARGET_NAME)";
				PROVISIONING_PROFILE_SPECIFIER = "";
				SDKROOT = auto;
				SUPPORTED_PLATFORMS = "iphoneos iphonesimulator macosx";
				SWIFT_EMIT_LOC_STRINGS = YES;
				SWIFT_VERSION = 5.0;
				TARGETED_DEVICE_FAMILY = "1,2";
			};
			name = Debug;
		};
		87DF96ED2A3990510006B774 /* Release */ = {
			isa = XCBuildConfiguration;
			buildSettings = {
				ASSETCATALOG_COMPILER_APPICON_NAME = AppIcon;
				ASSETCATALOG_COMPILER_GLOBAL_ACCENT_COLOR_NAME = AccentColor;
				CODE_SIGN_ENTITLEMENTS = CaseStudies/CaseStudies.entitlements;
				CODE_SIGN_IDENTITY = "Apple Development";
				CODE_SIGN_STYLE = Automatic;
				CURRENT_PROJECT_VERSION = 1;
				DEAD_CODE_STRIPPING = YES;
				DEVELOPMENT_ASSET_PATHS = "\"CaseStudies/Preview Content\"";
				DEVELOPMENT_TEAM = VQ7XHLJJ2T;
				ENABLE_HARDENED_RUNTIME = YES;
				ENABLE_PREVIEWS = YES;
				GENERATE_INFOPLIST_FILE = YES;
				INFOPLIST_FILE = CaseStudies/Info.plist;
				"INFOPLIST_KEY_UIApplicationSceneManifest_Generation[sdk=iphoneos*]" = YES;
				"INFOPLIST_KEY_UIApplicationSceneManifest_Generation[sdk=iphonesimulator*]" = YES;
				"INFOPLIST_KEY_UIApplicationSupportsIndirectInputEvents[sdk=iphoneos*]" = YES;
				"INFOPLIST_KEY_UIApplicationSupportsIndirectInputEvents[sdk=iphonesimulator*]" = YES;
				"INFOPLIST_KEY_UILaunchScreen_Generation[sdk=iphoneos*]" = YES;
				"INFOPLIST_KEY_UILaunchScreen_Generation[sdk=iphonesimulator*]" = YES;
				"INFOPLIST_KEY_UIStatusBarStyle[sdk=iphoneos*]" = UIStatusBarStyleDefault;
				"INFOPLIST_KEY_UIStatusBarStyle[sdk=iphonesimulator*]" = UIStatusBarStyleDefault;
				INFOPLIST_KEY_UISupportedInterfaceOrientations_iPad = "UIInterfaceOrientationPortrait UIInterfaceOrientationPortraitUpsideDown UIInterfaceOrientationLandscapeLeft UIInterfaceOrientationLandscapeRight";
				INFOPLIST_KEY_UISupportedInterfaceOrientations_iPhone = "UIInterfaceOrientationPortrait UIInterfaceOrientationLandscapeLeft UIInterfaceOrientationLandscapeRight";
				IPHONEOS_DEPLOYMENT_TARGET = 16.4;
				LD_RUNPATH_SEARCH_PATHS = "@executable_path/Frameworks";
				"LD_RUNPATH_SEARCH_PATHS[sdk=macosx*]" = "@executable_path/../Frameworks";
				MACOSX_DEPLOYMENT_TARGET = 13.1;
				MARKETING_VERSION = 1.0;
				PRODUCT_BUNDLE_IDENTIFIER = vapor.mikepackard.CodeDemo;
				PRODUCT_NAME = "$(TARGET_NAME)";
				PROVISIONING_PROFILE_SPECIFIER = "";
				SDKROOT = auto;
				SUPPORTED_PLATFORMS = "iphoneos iphonesimulator macosx";
				SWIFT_EMIT_LOC_STRINGS = YES;
				SWIFT_VERSION = 5.0;
				TARGETED_DEVICE_FAMILY = "1,2";
			};
			name = Release;
		};
/* End XCBuildConfiguration section */

/* Begin XCConfigurationList section */
		87DF96D72A39904F0006B774 /* Build configuration list for PBXProject "CaseStudies" */ = {
			isa = XCConfigurationList;
			buildConfigurations = (
				87DF96E92A3990510006B774 /* Debug */,
				87DF96EA2A3990510006B774 /* Release */,
			);
			defaultConfigurationIsVisible = 0;
			defaultConfigurationName = Release;
		};
		87DF96EB2A3990510006B774 /* Build configuration list for PBXNativeTarget "CaseStudies" */ = {
			isa = XCConfigurationList;
			buildConfigurations = (
				87DF96EC2A3990510006B774 /* Debug */,
				87DF96ED2A3990510006B774 /* Release */,
			);
			defaultConfigurationIsVisible = 0;
			defaultConfigurationName = Release;
		};
/* End XCConfigurationList section */

/* Begin XCRemoteSwiftPackageReference section */
		EB5B50EF2AF376FE0018BF84 /* XCRemoteSwiftPackageReference "navigation-stack-backport" */ = {
			isa = XCRemoteSwiftPackageReference;
			repositoryURL = "https://github.com/lm/navigation-stack-backport";
			requirement = {
				kind = exactVersion;
				version = 1.0.0;
			};
		};
		EBF60EC52A778D9C001E34D3 /* XCRemoteSwiftPackageReference "swift-networking" */ = {
			isa = XCRemoteSwiftPackageReference;
			repositoryURL = "https://github.com/FullStack-Swift/swift-networking";
			requirement = {
				branch = main;
				kind = branch;
			};
		};
/* End XCRemoteSwiftPackageReference section */

/* Begin XCSwiftPackageProductDependency section */
		87DF96F12A3991C10006B774 /* ComposableArchitecture */ = {
			isa = XCSwiftPackageProductDependency;
			productName = ComposableArchitecture;
		};
		EB5B50F02AF376FE0018BF84 /* NavigationStackBackport */ = {
			isa = XCSwiftPackageProductDependency;
			package = EB5B50EF2AF376FE0018BF84 /* XCRemoteSwiftPackageReference "navigation-stack-backport" */;
			productName = NavigationStackBackport;
		};
		EB5B50F22AF37CC00018BF84 /* SwiftExt */ = {
			isa = XCSwiftPackageProductDependency;
			productName = SwiftExt;
		};
		EBE6FBB42AD78CE700889483 /* ArchitectureExt */ = {
			isa = XCSwiftPackageProductDependency;
			productName = ArchitectureExt;
		};
		EBF60EC62A778D9C001E34D3 /* CombineRequest */ = {
			isa = XCSwiftPackageProductDependency;
			package = EBF60EC52A778D9C001E34D3 /* XCRemoteSwiftPackageReference "swift-networking" */;
			productName = CombineRequest;
		};
		EBF60EC82A778D9C001E34D3 /* CombineSocketIO */ = {
			isa = XCSwiftPackageProductDependency;
			package = EBF60EC52A778D9C001E34D3 /* XCRemoteSwiftPackageReference "swift-networking" */;
			productName = CombineSocketIO;
		};
		EBF60ECA2A778D9C001E34D3 /* CombineWebSocket */ = {
			isa = XCSwiftPackageProductDependency;
			package = EBF60EC52A778D9C001E34D3 /* XCRemoteSwiftPackageReference "swift-networking" */;
			productName = CombineWebSocket;
		};
/* End XCSwiftPackageProductDependency section */
	};
	rootObject = 87DF96D42A39904F0006B774 /* Project object */;
}
